// !$*UTF8*$!
{
	archiveVersion = 1;
	classes = {
	};
	objectVersion = 46;
	objects = {

/* Begin PBXBuildFile section */
		2129D19C1E9693E700FCA490 /* Socket.h in Headers */ = {isa = PBXBuildFile; fileRef = 2129D19B1E9693E700FCA490 /* Socket.h */; };
		2129D1A11E96940500FCA490 /* Socket.cpp in Sources */ = {isa = PBXBuildFile; fileRef = 2129D1A01E96940500FCA490 /* Socket.cpp */; };
		2129D1A31E96A64600FCA490 /* Graphite.h in Headers */ = {isa = PBXBuildFile; fileRef = 2129D1A21E96A64600FCA490 /* Graphite.h */; };
		2129D1A51E96A64E00FCA490 /* Graphite.cpp in Sources */ = {isa = PBXBuildFile; fileRef = 2129D1A41E96A64E00FCA490 /* Graphite.cpp */; };
		215573C21EA1DBE90083A51C /* HttpClient.h in Headers */ = {isa = PBXBuildFile; fileRef = 215573C11EA1DBE90083A51C /* HttpClient.h */; };
		215573C41EA1DC0A0083A51C /* HttpClient.cpp in Sources */ = {isa = PBXBuildFile; fileRef = 215573C31EA1DC0A0083A51C /* HttpClient.cpp */; };
		216A5AE31F9C597B0092272A /* DataPoint.h in Headers */ = {isa = PBXBuildFile; fileRef = 216A5ADB1F9C597B0092272A /* DataPoint.h */; };
		216A5AE41F9C597B0092272A /* MemStore.h in Headers */ = {isa = PBXBuildFile; fileRef = 216A5ADC1F9C597B0092272A /* MemStore.h */; };
		216A5AE51F9C597B0092272A /* Metric.h in Headers */ = {isa = PBXBuildFile; fileRef = 216A5ADD1F9C597B0092272A /* Metric.h */; };
		216A5AE61F9C597B0092272A /* Query.h in Headers */ = {isa = PBXBuildFile; fileRef = 216A5ADE1F9C597B0092272A /* Query.h */; };
		216A5AE71F9C597B0092272A /* ResultSet.h in Headers */ = {isa = PBXBuildFile; fileRef = 216A5ADF1F9C597B0092272A /* ResultSet.h */; };
		216A5AE81F9C597B0092272A /* Store.h in Headers */ = {isa = PBXBuildFile; fileRef = 216A5AE01F9C597B0092272A /* Store.h */; };
		216A5AE91F9C597B0092272A /* TimeSeries.h in Headers */ = {isa = PBXBuildFile; fileRef = 216A5AE11F9C597B0092272A /* TimeSeries.h */; };
		216A5AEA1F9C597B0092272A /* TimeSeriesMap.h in Headers */ = {isa = PBXBuildFile; fileRef = 216A5AE21F9C597B0092272A /* TimeSeriesMap.h */; };
		216A5AED1F9C59830092272A /* Util.h in Headers */ = {isa = PBXBuildFile; fileRef = 216A5AEC1F9C59830092272A /* Util.h */; };
		216A5B341F9C59990092272A /* ArrayTimeSeries.cpp in Sources */ = {isa = PBXBuildFile; fileRef = 216A5B081F9C59990092272A /* ArrayTimeSeries.cpp */; };
		216A5B361F9C59990092272A /* BeringeiTimeSeries.cpp in Sources */ = {isa = PBXBuildFile; fileRef = 216A5B0A1F9C59990092272A /* BeringeiTimeSeries.cpp */; };
		216A5B381F9C59990092272A /* Data.cpp in Sources */ = {isa = PBXBuildFile; fileRef = 216A5B0C1F9C59990092272A /* Data.cpp */; };
		216A5B3A1F9C59990092272A /* DataMap.cpp in Sources */ = {isa = PBXBuildFile; fileRef = 216A5B0E1F9C59990092272A /* DataMap.cpp */; };
		216A5B3C1F9C59990092272A /* DataPoint.cpp in Sources */ = {isa = PBXBuildFile; fileRef = 216A5B101F9C59990092272A /* DataPoint.cpp */; };
		216A5B3E1F9C59990092272A /* DataPoints.cpp in Sources */ = {isa = PBXBuildFile; fileRef = 216A5B121F9C59990092272A /* DataPoints.cpp */; };
		216A5B401F9C59990092272A /* DataPointsMap.cpp in Sources */ = {isa = PBXBuildFile; fileRef = 216A5B141F9C59990092272A /* DataPointsMap.cpp */; };
		216A5B421F9C59990092272A /* GraphiteStore.cpp in Sources */ = {isa = PBXBuildFile; fileRef = 216A5B161F9C59990092272A /* GraphiteStore.cpp */; };
		216A5B441F9C59990092272A /* MatrixStore.cpp in Sources */ = {isa = PBXBuildFile; fileRef = 216A5B181F9C59990092272A /* MatrixStore.cpp */; };
		216A5B461F9C59990092272A /* MemStore.cpp in Sources */ = {isa = PBXBuildFile; fileRef = 216A5B1A1F9C59990092272A /* MemStore.cpp */; };
		216A5B481F9C59990092272A /* NarrowTableStore.cpp in Sources */ = {isa = PBXBuildFile; fileRef = 216A5B1C1F9C59990092272A /* NarrowTableStore.cpp */; };
		216A5B4A1F9C59990092272A /* Query.cpp in Sources */ = {isa = PBXBuildFile; fileRef = 216A5B1E1F9C59990092272A /* Query.cpp */; };
		216A5B4B1F9C59990092272A /* Query.o in Frameworks */ = {isa = PBXBuildFile; fileRef = 216A5B1F1F9C59990092272A /* Query.o */; };
		216A5B4C1F9C59990092272A /* ResultSet.cpp in Sources */ = {isa = PBXBuildFile; fileRef = 216A5B201F9C59990092272A /* ResultSet.cpp */; };
		216A5B4E1F9C59990092272A /* RingArrayTimeSeries.cpp in Sources */ = {isa = PBXBuildFile; fileRef = 216A5B221F9C59990092272A /* RingArrayTimeSeries.cpp */; };
		216A5B501F9C59990092272A /* RingMapStore.cpp in Sources */ = {isa = PBXBuildFile; fileRef = 216A5B241F9C59990092272A /* RingMapStore.cpp */; };
		216A5B521F9C59990092272A /* SQLiteStore.cpp in Sources */ = {isa = PBXBuildFile; fileRef = 216A5B261F9C59990092272A /* SQLiteStore.cpp */; };
		216A5B541F9C59990092272A /* StaticArrayTimeSeries.cpp in Sources */ = {isa = PBXBuildFile; fileRef = 216A5B281F9C59990092272A /* StaticArrayTimeSeries.cpp */; };
		216A5B561F9C59990092272A /* Store.cpp in Sources */ = {isa = PBXBuildFile; fileRef = 216A5B2A1F9C59990092272A /* Store.cpp */; };
		216A5B581F9C59990092272A /* TimeSeries.cpp in Sources */ = {isa = PBXBuildFile; fileRef = 216A5B2C1F9C59990092272A /* TimeSeries.cpp */; };
		216A5B5A1F9C59990092272A /* TimeSeriesMap.cpp in Sources */ = {isa = PBXBuildFile; fileRef = 216A5B2E1F9C59990092272A /* TimeSeriesMap.cpp */; };
		216A5B5C1F9C59990092272A /* TimeSeriesMapStore.cpp in Sources */ = {isa = PBXBuildFile; fileRef = 216A5B301F9C59990092272A /* TimeSeriesMapStore.cpp */; };
		216A5B5E1F9C59990092272A /* TSmapStore.cpp in Sources */ = {isa = PBXBuildFile; fileRef = 216A5B321F9C59990092272A /* TSmapStore.cpp */; };
		216A5B791F9C5B8E0092272A /* datapoint_c.cpp in Sources */ = {isa = PBXBuildFile; fileRef = 216A5B6B1F9C5B8E0092272A /* datapoint_c.cpp */; };
		216A5B7B1F9C5B8E0092272A /* datapoints_c.cpp in Sources */ = {isa = PBXBuildFile; fileRef = 216A5B6D1F9C5B8E0092272A /* datapoints_c.cpp */; };
		216A5B7D1F9C5B8E0092272A /* metric_c.cpp in Sources */ = {isa = PBXBuildFile; fileRef = 216A5B6F1F9C5B8E0092272A /* metric_c.cpp */; };
		216A5B7F1F9C5B8E0092272A /* query_c.cpp in Sources */ = {isa = PBXBuildFile; fileRef = 216A5B711F9C5B8E0092272A /* query_c.cpp */; };
		216A5B811F9C5B8E0092272A /* resultset_c.cpp in Sources */ = {isa = PBXBuildFile; fileRef = 216A5B731F9C5B8E0092272A /* resultset_c.cpp */; };
		216A5B831F9C5B8E0092272A /* store_c.cpp in Sources */ = {isa = PBXBuildFile; fileRef = 216A5B751F9C5B8E0092272A /* store_c.cpp */; };
		216A5B851F9C5B8E0092272A /* store_c_factory.cpp in Sources */ = {isa = PBXBuildFile; fileRef = 216A5B771F9C5B8E0092272A /* store_c_factory.cpp */; };
		217109ED1E867B1D004B2CF6 /* TimeSeriesStream.h in Headers */ = {isa = PBXBuildFile; fileRef = 217109EC1E867B1D004B2CF6 /* TimeSeriesStream.h */; };
		217109F01E867B2A004B2CF6 /* TimeSeriesStream.cpp in Sources */ = {isa = PBXBuildFile; fileRef = 217109EF1E867B2A004B2CF6 /* TimeSeriesStream.cpp */; };
		217109F31E867D2A004B2CF6 /* BitUtil.cpp in Sources */ = {isa = PBXBuildFile; fileRef = 217109F11E867D2A004B2CF6 /* BitUtil.cpp */; };
		2175C2F71E52F444006C4425 /* Platform.h in Headers */ = {isa = PBXBuildFile; fileRef = 2175C2F51E52F444006C4425 /* Platform.h */; };
		21893D8C1E86AD4C001ED8D5 /* BitUtil.h in Headers */ = {isa = PBXBuildFile; fileRef = 21893D8B1E86AD4C001ED8D5 /* BitUtil.h */; };
		218D47C91F503251002A3FA2 /* foreman-c.h in Headers */ = {isa = PBXBuildFile; fileRef = 218D47C81F503251002A3FA2 /* foreman-c.h */; };
		21B60DBD1E5D47D3009D663B /* Const.h in Headers */ = {isa = PBXBuildFile; fileRef = 21B60DBC1E5D47D3009D663B /* Const.h */; };
		21C33CAE1E869F660011C873 /* TimeSeriesStream-inl.h in Headers */ = {isa = PBXBuildFile; fileRef = 21C33CAD1E869F660011C873 /* TimeSeriesStream-inl.h */; };
		21C85F151F9C4BBC00D59EAE /* Util.cpp in Sources */ = {isa = PBXBuildFile; fileRef = 21C85F141F9C4BBC00D59EAE /* Util.cpp */; };
		21ED98311E61B3DD00CDEAD5 /* Foreman.h in Headers */ = {isa = PBXBuildFile; fileRef = 21ED98301E61B3DD00CDEAD5 /* Foreman.h */; };
/* End PBXBuildFile section */

/* Begin PBXFileReference section */
		211B343E1E52F1B8008D5228 /* libforeman++.a */ = {isa = PBXFileReference; explicitFileType = archive.ar; includeInIndex = 0; path = "libforeman++.a"; sourceTree = BUILT_PRODUCTS_DIR; };
		2129D19B1E9693E700FCA490 /* Socket.h */ = {isa = PBXFileReference; fileEncoding = 4; lastKnownFileType = sourcecode.c.h; path = Socket.h; sourceTree = "<group>"; };
		2129D1A01E96940500FCA490 /* Socket.cpp */ = {isa = PBXFileReference; fileEncoding = 4; lastKnownFileType = sourcecode.cpp.cpp; path = Socket.cpp; sourceTree = "<group>"; };
		2129D1A21E96A64600FCA490 /* Graphite.h */ = {isa = PBXFileReference; fileEncoding = 4; lastKnownFileType = sourcecode.c.h; path = Graphite.h; sourceTree = "<group>"; };
		2129D1A41E96A64E00FCA490 /* Graphite.cpp */ = {isa = PBXFileReference; fileEncoding = 4; lastKnownFileType = sourcecode.cpp.cpp; path = Graphite.cpp; sourceTree = "<group>"; };
		215573C11EA1DBE90083A51C /* HttpClient.h */ = {isa = PBXFileReference; fileEncoding = 4; lastKnownFileType = sourcecode.c.h; path = HttpClient.h; sourceTree = "<group>"; };
		215573C31EA1DC0A0083A51C /* HttpClient.cpp */ = {isa = PBXFileReference; fileEncoding = 4; lastKnownFileType = sourcecode.cpp.cpp; path = HttpClient.cpp; sourceTree = "<group>"; };
		216A5ADB1F9C597B0092272A /* DataPoint.h */ = {isa = PBXFileReference; fileEncoding = 4; lastKnownFileType = sourcecode.c.h; path = DataPoint.h; sourceTree = "<group>"; };
		216A5ADC1F9C597B0092272A /* MemStore.h */ = {isa = PBXFileReference; fileEncoding = 4; lastKnownFileType = sourcecode.c.h; path = MemStore.h; sourceTree = "<group>"; };
		216A5ADD1F9C597B0092272A /* Metric.h */ = {isa = PBXFileReference; fileEncoding = 4; lastKnownFileType = sourcecode.c.h; path = Metric.h; sourceTree = "<group>"; };
		216A5ADE1F9C597B0092272A /* Query.h */ = {isa = PBXFileReference; fileEncoding = 4; lastKnownFileType = sourcecode.c.h; path = Query.h; sourceTree = "<group>"; };
		216A5ADF1F9C597B0092272A /* ResultSet.h */ = {isa = PBXFileReference; fileEncoding = 4; lastKnownFileType = sourcecode.c.h; path = ResultSet.h; sourceTree = "<group>"; };
		216A5AE01F9C597B0092272A /* Store.h */ = {isa = PBXFileReference; fileEncoding = 4; lastKnownFileType = sourcecode.c.h; path = Store.h; sourceTree = "<group>"; };
		216A5AE11F9C597B0092272A /* TimeSeries.h */ = {isa = PBXFileReference; fileEncoding = 4; lastKnownFileType = sourcecode.c.h; path = TimeSeries.h; sourceTree = "<group>"; };
		216A5AE21F9C597B0092272A /* TimeSeriesMap.h */ = {isa = PBXFileReference; fileEncoding = 4; lastKnownFileType = sourcecode.c.h; path = TimeSeriesMap.h; sourceTree = "<group>"; };
		216A5AEC1F9C59830092272A /* Util.h */ = {isa = PBXFileReference; fileEncoding = 4; lastKnownFileType = sourcecode.c.h; path = Util.h; sourceTree = "<group>"; };
		216A5AF01F9C59990092272A /* .dirstamp */ = {isa = PBXFileReference; fileEncoding = 4; lastKnownFileType = text; path = .dirstamp; sourceTree = "<group>"; };
		216A5AF11F9C59990092272A /* ArrayTimeSeries.Po */ = {isa = PBXFileReference; fileEncoding = 4; lastKnownFileType = text; path = ArrayTimeSeries.Po; sourceTree = "<group>"; };
		216A5AF21F9C59990092272A /* BeringeiTimeSeries.Po */ = {isa = PBXFileReference; fileEncoding = 4; lastKnownFileType = text; path = BeringeiTimeSeries.Po; sourceTree = "<group>"; };
		216A5AF31F9C59990092272A /* Data.Po */ = {isa = PBXFileReference; fileEncoding = 4; lastKnownFileType = text; path = Data.Po; sourceTree = "<group>"; };
		216A5AF41F9C59990092272A /* DataMap.Po */ = {isa = PBXFileReference; fileEncoding = 4; lastKnownFileType = text; path = DataMap.Po; sourceTree = "<group>"; };
		216A5AF51F9C59990092272A /* DataPoint.Po */ = {isa = PBXFileReference; fileEncoding = 4; lastKnownFileType = text; path = DataPoint.Po; sourceTree = "<group>"; };
		216A5AF61F9C59990092272A /* DataPoints.Po */ = {isa = PBXFileReference; fileEncoding = 4; lastKnownFileType = text; path = DataPoints.Po; sourceTree = "<group>"; };
		216A5AF71F9C59990092272A /* DataPointsMap.Po */ = {isa = PBXFileReference; fileEncoding = 4; lastKnownFileType = text; path = DataPointsMap.Po; sourceTree = "<group>"; };
		216A5AF81F9C59990092272A /* GraphiteStore.Po */ = {isa = PBXFileReference; fileEncoding = 4; lastKnownFileType = text; path = GraphiteStore.Po; sourceTree = "<group>"; };
		216A5AF91F9C59990092272A /* MatrixStore.Po */ = {isa = PBXFileReference; fileEncoding = 4; lastKnownFileType = text; path = MatrixStore.Po; sourceTree = "<group>"; };
		216A5AFA1F9C59990092272A /* MemStore.Po */ = {isa = PBXFileReference; fileEncoding = 4; lastKnownFileType = text; path = MemStore.Po; sourceTree = "<group>"; };
		216A5AFB1F9C59990092272A /* NarrowTableStore.Po */ = {isa = PBXFileReference; fileEncoding = 4; lastKnownFileType = text; path = NarrowTableStore.Po; sourceTree = "<group>"; };
		216A5AFC1F9C59990092272A /* Query.Po */ = {isa = PBXFileReference; fileEncoding = 4; lastKnownFileType = text; path = Query.Po; sourceTree = "<group>"; };
		216A5AFD1F9C59990092272A /* ResultSet.Po */ = {isa = PBXFileReference; fileEncoding = 4; lastKnownFileType = text; path = ResultSet.Po; sourceTree = "<group>"; };
		216A5AFE1F9C59990092272A /* RingArrayTimeSeries.Po */ = {isa = PBXFileReference; fileEncoding = 4; lastKnownFileType = text; path = RingArrayTimeSeries.Po; sourceTree = "<group>"; };
		216A5AFF1F9C59990092272A /* RingMapStore.Po */ = {isa = PBXFileReference; fileEncoding = 4; lastKnownFileType = text; path = RingMapStore.Po; sourceTree = "<group>"; };
		216A5B001F9C59990092272A /* SQLiteStore.Po */ = {isa = PBXFileReference; fileEncoding = 4; lastKnownFileType = text; path = SQLiteStore.Po; sourceTree = "<group>"; };
		216A5B011F9C59990092272A /* StaticArrayTimeSeries.Po */ = {isa = PBXFileReference; fileEncoding = 4; lastKnownFileType = text; path = StaticArrayTimeSeries.Po; sourceTree = "<group>"; };
		216A5B021F9C59990092272A /* Store.Po */ = {isa = PBXFileReference; fileEncoding = 4; lastKnownFileType = text; path = Store.Po; sourceTree = "<group>"; };
		216A5B031F9C59990092272A /* TimeSeries.Po */ = {isa = PBXFileReference; fileEncoding = 4; lastKnownFileType = text; path = TimeSeries.Po; sourceTree = "<group>"; };
		216A5B041F9C59990092272A /* TimeSeriesMap.Po */ = {isa = PBXFileReference; fileEncoding = 4; lastKnownFileType = text; path = TimeSeriesMap.Po; sourceTree = "<group>"; };
		216A5B051F9C59990092272A /* TimeSeriesMapStore.Po */ = {isa = PBXFileReference; fileEncoding = 4; lastKnownFileType = text; path = TimeSeriesMapStore.Po; sourceTree = "<group>"; };
		216A5B061F9C59990092272A /* TSmapStore.Po */ = {isa = PBXFileReference; fileEncoding = 4; lastKnownFileType = text; path = TSmapStore.Po; sourceTree = "<group>"; };
		216A5B071F9C59990092272A /* .dirstamp */ = {isa = PBXFileReference; fileEncoding = 4; lastKnownFileType = text; path = .dirstamp; sourceTree = "<group>"; };
		216A5B081F9C59990092272A /* ArrayTimeSeries.cpp */ = {isa = PBXFileReference; fileEncoding = 4; lastKnownFileType = sourcecode.cpp.cpp; path = ArrayTimeSeries.cpp; sourceTree = "<group>"; };
		216A5B0A1F9C59990092272A /* BeringeiTimeSeries.cpp */ = {isa = PBXFileReference; fileEncoding = 4; lastKnownFileType = sourcecode.cpp.cpp; path = BeringeiTimeSeries.cpp; sourceTree = "<group>"; };
		216A5B0C1F9C59990092272A /* Data.cpp */ = {isa = PBXFileReference; fileEncoding = 4; lastKnownFileType = sourcecode.cpp.cpp; path = Data.cpp; sourceTree = "<group>"; };
		216A5B0E1F9C59990092272A /* DataMap.cpp */ = {isa = PBXFileReference; fileEncoding = 4; lastKnownFileType = sourcecode.cpp.cpp; path = DataMap.cpp; sourceTree = "<group>"; };
		216A5B101F9C59990092272A /* DataPoint.cpp */ = {isa = PBXFileReference; fileEncoding = 4; lastKnownFileType = sourcecode.cpp.cpp; path = DataPoint.cpp; sourceTree = "<group>"; };
		216A5B121F9C59990092272A /* DataPoints.cpp */ = {isa = PBXFileReference; fileEncoding = 4; lastKnownFileType = sourcecode.cpp.cpp; path = DataPoints.cpp; sourceTree = "<group>"; };
		216A5B141F9C59990092272A /* DataPointsMap.cpp */ = {isa = PBXFileReference; fileEncoding = 4; lastKnownFileType = sourcecode.cpp.cpp; path = DataPointsMap.cpp; sourceTree = "<group>"; };
		216A5B161F9C59990092272A /* GraphiteStore.cpp */ = {isa = PBXFileReference; fileEncoding = 4; lastKnownFileType = sourcecode.cpp.cpp; path = GraphiteStore.cpp; sourceTree = "<group>"; };
		216A5B181F9C59990092272A /* MatrixStore.cpp */ = {isa = PBXFileReference; fileEncoding = 4; lastKnownFileType = sourcecode.cpp.cpp; path = MatrixStore.cpp; sourceTree = "<group>"; };
		216A5B1A1F9C59990092272A /* MemStore.cpp */ = {isa = PBXFileReference; fileEncoding = 4; lastKnownFileType = sourcecode.cpp.cpp; path = MemStore.cpp; sourceTree = "<group>"; };
		216A5B1C1F9C59990092272A /* NarrowTableStore.cpp */ = {isa = PBXFileReference; fileEncoding = 4; lastKnownFileType = sourcecode.cpp.cpp; path = NarrowTableStore.cpp; sourceTree = "<group>"; };
		216A5B1E1F9C59990092272A /* Query.cpp */ = {isa = PBXFileReference; fileEncoding = 4; lastKnownFileType = sourcecode.cpp.cpp; path = Query.cpp; sourceTree = "<group>"; };
		216A5B1F1F9C59990092272A /* Query.o */ = {isa = PBXFileReference; lastKnownFileType = "compiled.mach-o.objfile"; path = Query.o; sourceTree = "<group>"; };
		216A5B201F9C59990092272A /* ResultSet.cpp */ = {isa = PBXFileReference; fileEncoding = 4; lastKnownFileType = sourcecode.cpp.cpp; path = ResultSet.cpp; sourceTree = "<group>"; };
		216A5B221F9C59990092272A /* RingArrayTimeSeries.cpp */ = {isa = PBXFileReference; fileEncoding = 4; lastKnownFileType = sourcecode.cpp.cpp; path = RingArrayTimeSeries.cpp; sourceTree = "<group>"; };
		216A5B241F9C59990092272A /* RingMapStore.cpp */ = {isa = PBXFileReference; fileEncoding = 4; lastKnownFileType = sourcecode.cpp.cpp; path = RingMapStore.cpp; sourceTree = "<group>"; };
		216A5B261F9C59990092272A /* SQLiteStore.cpp */ = {isa = PBXFileReference; fileEncoding = 4; lastKnownFileType = sourcecode.cpp.cpp; path = SQLiteStore.cpp; sourceTree = "<group>"; };
		216A5B281F9C59990092272A /* StaticArrayTimeSeries.cpp */ = {isa = PBXFileReference; fileEncoding = 4; lastKnownFileType = sourcecode.cpp.cpp; path = StaticArrayTimeSeries.cpp; sourceTree = "<group>"; };
		216A5B2A1F9C59990092272A /* Store.cpp */ = {isa = PBXFileReference; fileEncoding = 4; lastKnownFileType = sourcecode.cpp.cpp; path = Store.cpp; sourceTree = "<group>"; };
		216A5B2C1F9C59990092272A /* TimeSeries.cpp */ = {isa = PBXFileReference; fileEncoding = 4; lastKnownFileType = sourcecode.cpp.cpp; path = TimeSeries.cpp; sourceTree = "<group>"; };
		216A5B2E1F9C59990092272A /* TimeSeriesMap.cpp */ = {isa = PBXFileReference; fileEncoding = 4; lastKnownFileType = sourcecode.cpp.cpp; path = TimeSeriesMap.cpp; sourceTree = "<group>"; };
		216A5B301F9C59990092272A /* TimeSeriesMapStore.cpp */ = {isa = PBXFileReference; fileEncoding = 4; lastKnownFileType = sourcecode.cpp.cpp; path = TimeSeriesMapStore.cpp; sourceTree = "<group>"; };
		216A5B321F9C59990092272A /* TSmapStore.cpp */ = {isa = PBXFileReference; fileEncoding = 4; lastKnownFileType = sourcecode.cpp.cpp; path = TSmapStore.cpp; sourceTree = "<group>"; };
		216A5B6B1F9C5B8E0092272A /* datapoint_c.cpp */ = {isa = PBXFileReference; fileEncoding = 4; lastKnownFileType = sourcecode.cpp.cpp; path = datapoint_c.cpp; sourceTree = "<group>"; };
		216A5B6D1F9C5B8E0092272A /* datapoints_c.cpp */ = {isa = PBXFileReference; fileEncoding = 4; lastKnownFileType = sourcecode.cpp.cpp; path = datapoints_c.cpp; sourceTree = "<group>"; };
		216A5B6F1F9C5B8E0092272A /* metric_c.cpp */ = {isa = PBXFileReference; fileEncoding = 4; lastKnownFileType = sourcecode.cpp.cpp; path = metric_c.cpp; sourceTree = "<group>"; };
		216A5B711F9C5B8E0092272A /* query_c.cpp */ = {isa = PBXFileReference; fileEncoding = 4; lastKnownFileType = sourcecode.cpp.cpp; path = query_c.cpp; sourceTree = "<group>"; };
		216A5B731F9C5B8E0092272A /* resultset_c.cpp */ = {isa = PBXFileReference; fileEncoding = 4; lastKnownFileType = sourcecode.cpp.cpp; path = resultset_c.cpp; sourceTree = "<group>"; };
		216A5B751F9C5B8E0092272A /* store_c.cpp */ = {isa = PBXFileReference; fileEncoding = 4; lastKnownFileType = sourcecode.cpp.cpp; path = store_c.cpp; sourceTree = "<group>"; };
		216A5B771F9C5B8E0092272A /* store_c_factory.cpp */ = {isa = PBXFileReference; fileEncoding = 4; lastKnownFileType = sourcecode.cpp.cpp; path = store_c_factory.cpp; sourceTree = "<group>"; };
		217109EC1E867B1D004B2CF6 /* TimeSeriesStream.h */ = {isa = PBXFileReference; fileEncoding = 4; lastKnownFileType = sourcecode.c.h; path = TimeSeriesStream.h; sourceTree = "<group>"; };
		217109EF1E867B2A004B2CF6 /* TimeSeriesStream.cpp */ = {isa = PBXFileReference; fileEncoding = 4; lastKnownFileType = sourcecode.cpp.cpp; path = TimeSeriesStream.cpp; sourceTree = "<group>"; };
		217109F11E867D2A004B2CF6 /* BitUtil.cpp */ = {isa = PBXFileReference; fileEncoding = 4; lastKnownFileType = sourcecode.cpp.cpp; path = BitUtil.cpp; sourceTree = "<group>"; };
		2175C2F51E52F444006C4425 /* Platform.h */ = {isa = PBXFileReference; fileEncoding = 4; lastKnownFileType = sourcecode.c.h; path = Platform.h; sourceTree = "<group>"; };
		21893D8B1E86AD4C001ED8D5 /* BitUtil.h */ = {isa = PBXFileReference; fileEncoding = 4; lastKnownFileType = sourcecode.c.h; path = BitUtil.h; sourceTree = "<group>"; };
		218D47C81F503251002A3FA2 /* foreman-c.h */ = {isa = PBXFileReference; fileEncoding = 4; lastKnownFileType = sourcecode.c.h; path = "foreman-c.h"; sourceTree = "<group>"; };
		21B60DBC1E5D47D3009D663B /* Const.h */ = {isa = PBXFileReference; fileEncoding = 4; lastKnownFileType = sourcecode.c.h; path = Const.h; sourceTree = "<group>"; };
		21C33CAD1E869F660011C873 /* TimeSeriesStream-inl.h */ = {isa = PBXFileReference; fileEncoding = 4; lastKnownFileType = sourcecode.c.h; path = "TimeSeriesStream-inl.h"; sourceTree = "<group>"; };
		21C85F141F9C4BBC00D59EAE /* Util.cpp */ = {isa = PBXFileReference; fileEncoding = 4; lastKnownFileType = sourcecode.cpp.cpp; name = Util.cpp; path = util/Util.cpp; sourceTree = "<group>"; };
		21ED98301E61B3DD00CDEAD5 /* Foreman.h */ = {isa = PBXFileReference; fileEncoding = 4; lastKnownFileType = sourcecode.c.h; path = Foreman.h; sourceTree = "<group>"; };
/* End PBXFileReference section */

/* Begin PBXFrameworksBuildPhase section */
		211B343B1E52F1B8008D5228 /* Frameworks */ = {
			isa = PBXFrameworksBuildPhase;
			buildActionMask = 2147483647;
			files = (
				216A5B4B1F9C59990092272A /* Query.o in Frameworks */,
			);
			runOnlyForDeploymentPostprocessing = 0;
		};
/* End PBXFrameworksBuildPhase section */

/* Begin PBXGroup section */
		211B34351E52F1B8008D5228 = {
			isa = PBXGroup;
			children = (
				2175C2F21E52F423006C4425 /* Headers */,
				2175C2F81E52F44D006C4425 /* Sources */,
				211B343F1E52F1B8008D5228 /* Products */,
			);
			sourceTree = "<group>";
		};
		211B343F1E52F1B8008D5228 /* Products */ = {
			isa = PBXGroup;
			children = (
				211B343E1E52F1B8008D5228 /* libforeman++.a */,
			);
			name = Products;
			sourceTree = "<group>";
		};
		2129D19A1E9693E700FCA490 /* net */ = {
			isa = PBXGroup;
			children = (
				215573C11EA1DBE90083A51C /* HttpClient.h */,
				2129D1A21E96A64600FCA490 /* Graphite.h */,
				2129D19B1E9693E700FCA490 /* Socket.h */,
			);
			path = net;
			sourceTree = "<group>";
		};
		2129D19F1E96940500FCA490 /* net */ = {
			isa = PBXGroup;
			children = (
				215573C31EA1DC0A0083A51C /* HttpClient.cpp */,
				2129D1A41E96A64E00FCA490 /* Graphite.cpp */,
				2129D1A01E96940500FCA490 /* Socket.cpp */,
			);
			path = net;
			sourceTree = "<group>";
		};
		216A5ADA1F9C597B0092272A /* metric */ = {
			isa = PBXGroup;
			children = (
				216A5ADB1F9C597B0092272A /* DataPoint.h */,
				216A5ADC1F9C597B0092272A /* MemStore.h */,
				216A5ADD1F9C597B0092272A /* Metric.h */,
				216A5ADE1F9C597B0092272A /* Query.h */,
				216A5ADF1F9C597B0092272A /* ResultSet.h */,
				216A5AE01F9C597B0092272A /* Store.h */,
				216A5AE11F9C597B0092272A /* TimeSeries.h */,
				216A5AE21F9C597B0092272A /* TimeSeriesMap.h */,
			);
			path = metric;
			sourceTree = "<group>";
		};
		216A5AEB1F9C59830092272A /* util */ = {
			isa = PBXGroup;
			children = (
				216A5AEC1F9C59830092272A /* Util.h */,
			);
			path = util;
			sourceTree = "<group>";
		};
		216A5AEE1F9C59990092272A /* metric */ = {
			isa = PBXGroup;
			children = (
				216A5AEF1F9C59990092272A /* .deps */,
				216A5B071F9C59990092272A /* .dirstamp */,
				216A5B081F9C59990092272A /* ArrayTimeSeries.cpp */,
				216A5B0A1F9C59990092272A /* BeringeiTimeSeries.cpp */,
				216A5B0C1F9C59990092272A /* Data.cpp */,
				216A5B0E1F9C59990092272A /* DataMap.cpp */,
				216A5B101F9C59990092272A /* DataPoint.cpp */,
				216A5B121F9C59990092272A /* DataPoints.cpp */,
				216A5B141F9C59990092272A /* DataPointsMap.cpp */,
				216A5B161F9C59990092272A /* GraphiteStore.cpp */,
				216A5B181F9C59990092272A /* MatrixStore.cpp */,
				216A5B1A1F9C59990092272A /* MemStore.cpp */,
				216A5B1C1F9C59990092272A /* NarrowTableStore.cpp */,
				216A5B1E1F9C59990092272A /* Query.cpp */,
				216A5B1F1F9C59990092272A /* Query.o */,
				216A5B201F9C59990092272A /* ResultSet.cpp */,
				216A5B221F9C59990092272A /* RingArrayTimeSeries.cpp */,
				216A5B241F9C59990092272A /* RingMapStore.cpp */,
				216A5B261F9C59990092272A /* SQLiteStore.cpp */,
				216A5B281F9C59990092272A /* StaticArrayTimeSeries.cpp */,
				216A5B2A1F9C59990092272A /* Store.cpp */,
				216A5B2C1F9C59990092272A /* TimeSeries.cpp */,
				216A5B2E1F9C59990092272A /* TimeSeriesMap.cpp */,
				216A5B301F9C59990092272A /* TimeSeriesMapStore.cpp */,
				216A5B321F9C59990092272A /* TSmapStore.cpp */,
			);
			path = metric;
			sourceTree = "<group>";
		};
		216A5AEF1F9C59990092272A /* .deps */ = {
			isa = PBXGroup;
			children = (
				216A5AF01F9C59990092272A /* .dirstamp */,
				216A5AF11F9C59990092272A /* ArrayTimeSeries.Po */,
				216A5AF21F9C59990092272A /* BeringeiTimeSeries.Po */,
				216A5AF31F9C59990092272A /* Data.Po */,
				216A5AF41F9C59990092272A /* DataMap.Po */,
				216A5AF51F9C59990092272A /* DataPoint.Po */,
				216A5AF61F9C59990092272A /* DataPoints.Po */,
				216A5AF71F9C59990092272A /* DataPointsMap.Po */,
				216A5AF81F9C59990092272A /* GraphiteStore.Po */,
				216A5AF91F9C59990092272A /* MatrixStore.Po */,
				216A5AFA1F9C59990092272A /* MemStore.Po */,
				216A5AFB1F9C59990092272A /* NarrowTableStore.Po */,
				216A5AFC1F9C59990092272A /* Query.Po */,
				216A5AFD1F9C59990092272A /* ResultSet.Po */,
				216A5AFE1F9C59990092272A /* RingArrayTimeSeries.Po */,
				216A5AFF1F9C59990092272A /* RingMapStore.Po */,
				216A5B001F9C59990092272A /* SQLiteStore.Po */,
				216A5B011F9C59990092272A /* StaticArrayTimeSeries.Po */,
				216A5B021F9C59990092272A /* Store.Po */,
				216A5B031F9C59990092272A /* TimeSeries.Po */,
				216A5B041F9C59990092272A /* TimeSeriesMap.Po */,
				216A5B051F9C59990092272A /* TimeSeriesMapStore.Po */,
				216A5B061F9C59990092272A /* TSmapStore.Po */,
			);
			path = .deps;
			sourceTree = "<group>";
		};
		216A5B601F9C5B8E0092272A /* metric */ = {
			isa = PBXGroup;
			children = (
				216A5B6B1F9C5B8E0092272A /* datapoint_c.cpp */,
				216A5B6D1F9C5B8E0092272A /* datapoints_c.cpp */,
				216A5B6F1F9C5B8E0092272A /* metric_c.cpp */,
				216A5B711F9C5B8E0092272A /* query_c.cpp */,
				216A5B731F9C5B8E0092272A /* resultset_c.cpp */,
				216A5B751F9C5B8E0092272A /* store_c.cpp */,
				216A5B771F9C5B8E0092272A /* store_c_factory.cpp */,
			);
			name = metric;
			path = clang/metric;
			sourceTree = "<group>";
		};
		217109EB1E867B1D004B2CF6 /* beringei */ = {
			isa = PBXGroup;
			children = (
				21893D8B1E86AD4C001ED8D5 /* BitUtil.h */,
				217109EC1E867B1D004B2CF6 /* TimeSeriesStream.h */,
				21C33CAD1E869F660011C873 /* TimeSeriesStream-inl.h */,
			);
			name = beringei;
			path = ../../../include/beringei;
			sourceTree = "<group>";
		};
		217109EE1E867B2A004B2CF6 /* beringei */ = {
			isa = PBXGroup;
			children = (
				217109F11E867D2A004B2CF6 /* BitUtil.cpp */,
				217109EF1E867B2A004B2CF6 /* TimeSeriesStream.cpp */,
			);
			name = beringei;
			path = ../../../src/beringei;
			sourceTree = "<group>";
		};
		2175C2F21E52F423006C4425 /* Headers */ = {
			isa = PBXGroup;
			children = (
				217109EB1E867B1D004B2CF6 /* beringei */,
				2175C2F31E52F444006C4425 /* foreman */,
			);
			name = Headers;
			sourceTree = "<group>";
		};
		2175C2F31E52F444006C4425 /* foreman */ = {
			isa = PBXGroup;
			children = (
				216A5AEB1F9C59830092272A /* util */,
				216A5ADA1F9C597B0092272A /* metric */,
				21B60DBC1E5D47D3009D663B /* Const.h */,
				218D47C81F503251002A3FA2 /* foreman-c.h */,
				21ED98301E61B3DD00CDEAD5 /* Foreman.h */,
				2175C2F51E52F444006C4425 /* Platform.h */,
				2129D19A1E9693E700FCA490 /* net */,
			);
			name = foreman;
			path = ../../../include/foreman;
			sourceTree = "<group>";
		};
		2175C2F81E52F44D006C4425 /* Sources */ = {
			isa = PBXGroup;
			children = (
				217109EE1E867B2A004B2CF6 /* beringei */,
				2175C2F91E52F470006C4425 /* foreman */,
			);
			name = Sources;
			sourceTree = "<group>";
		};
		2175C2F91E52F470006C4425 /* foreman */ = {
			isa = PBXGroup;
			children = (
				216A5AEE1F9C59990092272A /* metric */,
				21C85F131F9C4BB000D59EAE /* util */,
				218D47CA1F503778002A3FA2 /* clang */,
				2129D19F1E96940500FCA490 /* net */,
			);
			name = foreman;
			path = ../../../src/foreman;
			sourceTree = "<group>";
		};
		218D47CA1F503778002A3FA2 /* clang */ = {
			isa = PBXGroup;
			children = (
				216A5B601F9C5B8E0092272A /* metric */,
			);
			name = clang;
			sourceTree = "<group>";
		};
		21C85F131F9C4BB000D59EAE /* util */ = {
			isa = PBXGroup;
			children = (
				21C85F141F9C4BBC00D59EAE /* Util.cpp */,
			);
			name = util;
			sourceTree = "<group>";
		};
/* End PBXGroup section */

/* Begin PBXHeadersBuildPhase section */
		211B343C1E52F1B8008D5228 /* Headers */ = {
			isa = PBXHeadersBuildPhase;
			buildActionMask = 2147483647;
			files = (
				216A5AE71F9C597B0092272A /* ResultSet.h in Headers */,
				21B60DBD1E5D47D3009D663B /* Const.h in Headers */,
				215573C21EA1DBE90083A51C /* HttpClient.h in Headers */,
				21C33CAE1E869F660011C873 /* TimeSeriesStream-inl.h in Headers */,
				216A5AE61F9C597B0092272A /* Query.h in Headers */,
				217109ED1E867B1D004B2CF6 /* TimeSeriesStream.h in Headers */,
				2129D19C1E9693E700FCA490 /* Socket.h in Headers */,
				216A5AE91F9C597B0092272A /* TimeSeries.h in Headers */,
				218D47C91F503251002A3FA2 /* foreman-c.h in Headers */,
				2129D1A31E96A64600FCA490 /* Graphite.h in Headers */,
				21ED98311E61B3DD00CDEAD5 /* Foreman.h in Headers */,
				216A5AEA1F9C597B0092272A /* TimeSeriesMap.h in Headers */,
				216A5AE81F9C597B0092272A /* Store.h in Headers */,
				216A5AE41F9C597B0092272A /* MemStore.h in Headers */,
				21893D8C1E86AD4C001ED8D5 /* BitUtil.h in Headers */,
				216A5AED1F9C59830092272A /* Util.h in Headers */,
				216A5AE51F9C597B0092272A /* Metric.h in Headers */,
				216A5AE31F9C597B0092272A /* DataPoint.h in Headers */,
				2175C2F71E52F444006C4425 /* Platform.h in Headers */,
			);
			runOnlyForDeploymentPostprocessing = 0;
		};
/* End PBXHeadersBuildPhase section */

/* Begin PBXNativeTarget section */
		211B343D1E52F1B8008D5228 /* libforeman++ */ = {
			isa = PBXNativeTarget;
			buildConfigurationList = 211B34421E52F1B8008D5228 /* Build configuration list for PBXNativeTarget "libforeman++" */;
			buildPhases = (
				211B343A1E52F1B8008D5228 /* Sources */,
				211B343B1E52F1B8008D5228 /* Frameworks */,
				211B343C1E52F1B8008D5228 /* Headers */,
			);
			buildRules = (
			);
			dependencies = (
			);
			name = "libforeman++";
			productName = "libforeman++";
			productReference = 211B343E1E52F1B8008D5228 /* libforeman++.a */;
			productType = "com.apple.product-type.library.static";
		};
/* End PBXNativeTarget section */

/* Begin PBXProject section */
		211B34361E52F1B8008D5228 /* Project object */ = {
			isa = PBXProject;
			attributes = {
				LastUpgradeCheck = 0900;
				ORGANIZATIONNAME = "Satoshi Konno";
				TargetAttributes = {
					211B343D1E52F1B8008D5228 = {
						CreatedOnToolsVersion = 8.2.1;
						ProvisioningStyle = Automatic;
					};
				};
			};
			buildConfigurationList = 211B34391E52F1B8008D5228 /* Build configuration list for PBXProject "libforeman++" */;
			compatibilityVersion = "Xcode 3.2";
			developmentRegion = English;
			hasScannedForEncodings = 0;
			knownRegions = (
				en,
			);
			mainGroup = 211B34351E52F1B8008D5228;
			productRefGroup = 211B343F1E52F1B8008D5228 /* Products */;
			projectDirPath = "";
			projectRoot = "";
			targets = (
				211B343D1E52F1B8008D5228 /* libforeman++ */,
			);
		};
/* End PBXProject section */

/* Begin PBXSourcesBuildPhase section */
		211B343A1E52F1B8008D5228 /* Sources */ = {
			isa = PBXSourcesBuildPhase;
			buildActionMask = 2147483647;
			files = (
				216A5B7B1F9C5B8E0092272A /* datapoints_c.cpp in Sources */,
				2129D1A51E96A64E00FCA490 /* Graphite.cpp in Sources */,
				216A5B381F9C59990092272A /* Data.cpp in Sources */,
				216A5B421F9C59990092272A /* GraphiteStore.cpp in Sources */,
				216A5B341F9C59990092272A /* ArrayTimeSeries.cpp in Sources */,
				216A5B5C1F9C59990092272A /* TimeSeriesMapStore.cpp in Sources */,
				217109F31E867D2A004B2CF6 /* BitUtil.cpp in Sources */,
				216A5B401F9C59990092272A /* DataPointsMap.cpp in Sources */,
				216A5B481F9C59990092272A /* NarrowTableStore.cpp in Sources */,
				217109F01E867B2A004B2CF6 /* TimeSeriesStream.cpp in Sources */,
				216A5B3C1F9C59990092272A /* DataPoint.cpp in Sources */,
				216A5B5A1F9C59990092272A /* TimeSeriesMap.cpp in Sources */,
				216A5B461F9C59990092272A /* MemStore.cpp in Sources */,
				216A5B4C1F9C59990092272A /* ResultSet.cpp in Sources */,
				216A5B501F9C59990092272A /* RingMapStore.cpp in Sources */,
				215573C41EA1DC0A0083A51C /* HttpClient.cpp in Sources */,
				216A5B3A1F9C59990092272A /* DataMap.cpp in Sources */,
				2129D1A11E96940500FCA490 /* Socket.cpp in Sources */,
				216A5B441F9C59990092272A /* MatrixStore.cpp in Sources */,
				216A5B831F9C5B8E0092272A /* store_c.cpp in Sources */,
				216A5B4E1F9C59990092272A /* RingArrayTimeSeries.cpp in Sources */,
				216A5B7F1F9C5B8E0092272A /* query_c.cpp in Sources */,
				216A5B811F9C5B8E0092272A /* resultset_c.cpp in Sources */,
				216A5B521F9C59990092272A /* SQLiteStore.cpp in Sources */,
				216A5B5E1F9C59990092272A /* TSmapStore.cpp in Sources */,
				216A5B581F9C59990092272A /* TimeSeries.cpp in Sources */,
				216A5B361F9C59990092272A /* BeringeiTimeSeries.cpp in Sources */,
				216A5B561F9C59990092272A /* Store.cpp in Sources */,
				216A5B3E1F9C59990092272A /* DataPoints.cpp in Sources */,
				216A5B4A1F9C59990092272A /* Query.cpp in Sources */,
				21C85F151F9C4BBC00D59EAE /* Util.cpp in Sources */,
				216A5B541F9C59990092272A /* StaticArrayTimeSeries.cpp in Sources */,
				216A5B7D1F9C5B8E0092272A /* metric_c.cpp in Sources */,
				216A5B851F9C5B8E0092272A /* store_c_factory.cpp in Sources */,
				216A5B791F9C5B8E0092272A /* datapoint_c.cpp in Sources */,
			);
			runOnlyForDeploymentPostprocessing = 0;
		};
/* End PBXSourcesBuildPhase section */

/* Begin XCBuildConfiguration section */
		211B34401E52F1B8008D5228 /* Debug */ = {
			isa = XCBuildConfiguration;
			buildSettings = {
				ALWAYS_SEARCH_USER_PATHS = NO;
				CLANG_ANALYZER_NONNULL = YES;
				CLANG_CXX_LANGUAGE_STANDARD = "gnu++0x";
				CLANG_CXX_LIBRARY = "libc++";
				CLANG_ENABLE_MODULES = YES;
				CLANG_ENABLE_OBJC_ARC = YES;
				CLANG_WARN_BLOCK_CAPTURE_AUTORELEASING = YES;
				CLANG_WARN_BOOL_CONVERSION = YES;
				CLANG_WARN_COMMA = YES;
				CLANG_WARN_CONSTANT_CONVERSION = YES;
				CLANG_WARN_DIRECT_OBJC_ISA_USAGE = YES_ERROR;
				CLANG_WARN_DOCUMENTATION_COMMENTS = YES;
				CLANG_WARN_EMPTY_BODY = YES;
				CLANG_WARN_ENUM_CONVERSION = YES;
				CLANG_WARN_INFINITE_RECURSION = YES;
				CLANG_WARN_INT_CONVERSION = YES;
				CLANG_WARN_NON_LITERAL_NULL_CONVERSION = YES;
				CLANG_WARN_OBJC_LITERAL_CONVERSION = YES;
				CLANG_WARN_OBJC_ROOT_CLASS = YES_ERROR;
				CLANG_WARN_RANGE_LOOP_ANALYSIS = YES;
				CLANG_WARN_STRICT_PROTOTYPES = YES;
				CLANG_WARN_SUSPICIOUS_MOVE = YES;
				CLANG_WARN_UNREACHABLE_CODE = YES;
				CLANG_WARN__DUPLICATE_METHOD_MATCH = YES;
				CODE_SIGN_IDENTITY = "-";
				COPY_PHASE_STRIP = NO;
				DEBUG_INFORMATION_FORMAT = dwarf;
				ENABLE_STRICT_OBJC_MSGSEND = YES;
				ENABLE_TESTABILITY = YES;
				GCC_C_LANGUAGE_STANDARD = gnu99;
				GCC_DYNAMIC_NO_PIC = NO;
				GCC_NO_COMMON_BLOCKS = YES;
				GCC_OPTIMIZATION_LEVEL = 0;
				GCC_PREPROCESSOR_DEFINITIONS = (
					"DEBUG=1",
					"$(inherited)",
				);
				GCC_WARN_64_TO_32_BIT_CONVERSION = YES;
				GCC_WARN_ABOUT_RETURN_TYPE = YES_ERROR;
				GCC_WARN_UNDECLARED_SELECTOR = YES;
				GCC_WARN_UNINITIALIZED_AUTOS = YES_AGGRESSIVE;
				GCC_WARN_UNUSED_FUNCTION = YES;
				GCC_WARN_UNUSED_VARIABLE = YES;
				HEADER_SEARCH_PATHS = (
					../../../include,
					/usr/local/include,
				);
				MACOSX_DEPLOYMENT_TARGET = 10.12;
				MTL_ENABLE_DEBUG_INFO = YES;
				ONLY_ACTIVE_ARCH = YES;
				SDKROOT = macosx;
			};
			name = Debug;
		};
		211B34411E52F1B8008D5228 /* Release */ = {
			isa = XCBuildConfiguration;
			buildSettings = {
				ALWAYS_SEARCH_USER_PATHS = NO;
				CLANG_ANALYZER_NONNULL = YES;
				CLANG_CXX_LANGUAGE_STANDARD = "gnu++0x";
				CLANG_CXX_LIBRARY = "libc++";
				CLANG_ENABLE_MODULES = YES;
				CLANG_ENABLE_OBJC_ARC = YES;
				CLANG_WARN_BLOCK_CAPTURE_AUTORELEASING = YES;
				CLANG_WARN_BOOL_CONVERSION = YES;
				CLANG_WARN_COMMA = YES;
				CLANG_WARN_CONSTANT_CONVERSION = YES;
				CLANG_WARN_DIRECT_OBJC_ISA_USAGE = YES_ERROR;
				CLANG_WARN_DOCUMENTATION_COMMENTS = YES;
				CLANG_WARN_EMPTY_BODY = YES;
				CLANG_WARN_ENUM_CONVERSION = YES;
				CLANG_WARN_INFINITE_RECURSION = YES;
				CLANG_WARN_INT_CONVERSION = YES;
				CLANG_WARN_NON_LITERAL_NULL_CONVERSION = YES;
				CLANG_WARN_OBJC_LITERAL_CONVERSION = YES;
				CLANG_WARN_OBJC_ROOT_CLASS = YES_ERROR;
				CLANG_WARN_RANGE_LOOP_ANALYSIS = YES;
				CLANG_WARN_STRICT_PROTOTYPES = YES;
				CLANG_WARN_SUSPICIOUS_MOVE = YES;
				CLANG_WARN_UNREACHABLE_CODE = YES;
				CLANG_WARN__DUPLICATE_METHOD_MATCH = YES;
				CODE_SIGN_IDENTITY = "-";
				COPY_PHASE_STRIP = NO;
				DEBUG_INFORMATION_FORMAT = "dwarf-with-dsym";
				ENABLE_NS_ASSERTIONS = NO;
				ENABLE_STRICT_OBJC_MSGSEND = YES;
				GCC_C_LANGUAGE_STANDARD = gnu99;
				GCC_NO_COMMON_BLOCKS = YES;
				GCC_WARN_64_TO_32_BIT_CONVERSION = YES;
				GCC_WARN_ABOUT_RETURN_TYPE = YES_ERROR;
				GCC_WARN_UNDECLARED_SELECTOR = YES;
				GCC_WARN_UNINITIALIZED_AUTOS = YES_AGGRESSIVE;
				GCC_WARN_UNUSED_FUNCTION = YES;
				GCC_WARN_UNUSED_VARIABLE = YES;
				HEADER_SEARCH_PATHS = (
					../../../include,
					/usr/local/include,
				);
				MACOSX_DEPLOYMENT_TARGET = 10.12;
				MTL_ENABLE_DEBUG_INFO = NO;
				SDKROOT = macosx;
			};
			name = Release;
		};
		211B34431E52F1B8008D5228 /* Debug */ = {
			isa = XCBuildConfiguration;
			buildSettings = {
				EXECUTABLE_PREFIX = "";
				PRODUCT_NAME = "$(TARGET_NAME)";
			};
			name = Debug;
		};
		211B34441E52F1B8008D5228 /* Release */ = {
			isa = XCBuildConfiguration;
			buildSettings = {
				EXECUTABLE_PREFIX = "";
				PRODUCT_NAME = "$(TARGET_NAME)";
			};
			name = Release;
		};
/* End XCBuildConfiguration section */

/* Begin XCConfigurationList section */
		211B34391E52F1B8008D5228 /* Build configuration list for PBXProject "libforeman++" */ = {
			isa = XCConfigurationList;
			buildConfigurations = (
				211B34401E52F1B8008D5228 /* Debug */,
				211B34411E52F1B8008D5228 /* Release */,
			);
			defaultConfigurationIsVisible = 0;
			defaultConfigurationName = Release;
		};
		211B34421E52F1B8008D5228 /* Build configuration list for PBXNativeTarget "libforeman++" */ = {
			isa = XCConfigurationList;
			buildConfigurations = (
				211B34431E52F1B8008D5228 /* Debug */,
				211B34441E52F1B8008D5228 /* Release */,
			);
			defaultConfigurationIsVisible = 0;
			defaultConfigurationName = Release;
		};
/* End XCConfigurationList section */
	};
	rootObject = 211B34361E52F1B8008D5228 /* Project object */;
}
