// !$*UTF8*$!
{
	archiveVersion = 1;
	classes = {
	};
	objectVersion = 46;
	objects = {

/* Begin PBXBuildFile section */
		2129D19C1E9693E700FCA490 /* Socket.h in Headers */ = {isa = PBXBuildFile; fileRef = 2129D19B1E9693E700FCA490 /* Socket.h */; };
		2129D1A11E96940500FCA490 /* Socket.cpp in Sources */ = {isa = PBXBuildFile; fileRef = 2129D1A01E96940500FCA490 /* Socket.cpp */; };
		2129D1A31E96A64600FCA490 /* Graphite.h in Headers */ = {isa = PBXBuildFile; fileRef = 2129D1A21E96A64600FCA490 /* Graphite.h */; };
		2129D1A51E96A64E00FCA490 /* Graphite.cpp in Sources */ = {isa = PBXBuildFile; fileRef = 2129D1A41E96A64E00FCA490 /* Graphite.cpp */; };
		215573C21EA1DBE90083A51C /* HttpClient.h in Headers */ = {isa = PBXBuildFile; fileRef = 215573C11EA1DBE90083A51C /* HttpClient.h */; };
		215573C41EA1DC0A0083A51C /* HttpClient.cpp in Sources */ = {isa = PBXBuildFile; fileRef = 215573C31EA1DC0A0083A51C /* HttpClient.cpp */; };
		217109ED1E867B1D004B2CF6 /* TimeSeriesStream.h in Headers */ = {isa = PBXBuildFile; fileRef = 217109EC1E867B1D004B2CF6 /* TimeSeriesStream.h */; };
		217109F01E867B2A004B2CF6 /* TimeSeriesStream.cpp in Sources */ = {isa = PBXBuildFile; fileRef = 217109EF1E867B2A004B2CF6 /* TimeSeriesStream.cpp */; };
		217109F31E867D2A004B2CF6 /* BitUtil.cpp in Sources */ = {isa = PBXBuildFile; fileRef = 217109F11E867D2A004B2CF6 /* BitUtil.cpp */; };
		2175C2F71E52F444006C4425 /* Platform.h in Headers */ = {isa = PBXBuildFile; fileRef = 2175C2F51E52F444006C4425 /* Platform.h */; };
		21893D8C1E86AD4C001ED8D5 /* BitUtil.h in Headers */ = {isa = PBXBuildFile; fileRef = 21893D8B1E86AD4C001ED8D5 /* BitUtil.h */; };
		218D47C91F503251002A3FA2 /* foreman-c.h in Headers */ = {isa = PBXBuildFile; fileRef = 218D47C81F503251002A3FA2 /* foreman-c.h */; };
		218D47CD1F503799002A3FA2 /* metric_c.cpp in Sources */ = {isa = PBXBuildFile; fileRef = 218D47CB1F503799002A3FA2 /* metric_c.cpp */; };
		218D47CE1F503799002A3FA2 /* store_c.cpp in Sources */ = {isa = PBXBuildFile; fileRef = 218D47CC1F503799002A3FA2 /* store_c.cpp */; };
		21B60DBD1E5D47D3009D663B /* Const.h in Headers */ = {isa = PBXBuildFile; fileRef = 21B60DBC1E5D47D3009D663B /* Const.h */; };
		21C33CAE1E869F660011C873 /* TimeSeriesStream-inl.h in Headers */ = {isa = PBXBuildFile; fileRef = 21C33CAD1E869F660011C873 /* TimeSeriesStream-inl.h */; };
		21C69B531F5AAEDE009B51DE /* datapoint_c.cpp in Sources */ = {isa = PBXBuildFile; fileRef = 21C69B511F5AAEDE009B51DE /* datapoint_c.cpp */; };
		21C69B541F5AAEDE009B51DE /* datapoints_c.cpp in Sources */ = {isa = PBXBuildFile; fileRef = 21C69B521F5AAEDE009B51DE /* datapoints_c.cpp */; };
		21C85EDC1F9C45CF00D59EAE /* ResultSet.h in Headers */ = {isa = PBXBuildFile; fileRef = 21C85ED41F9C45CE00D59EAE /* ResultSet.h */; };
		21C85EDD1F9C45CF00D59EAE /* Query.h in Headers */ = {isa = PBXBuildFile; fileRef = 21C85ED51F9C45CE00D59EAE /* Query.h */; };
		21C85EDE1F9C45CF00D59EAE /* DataPoint.h in Headers */ = {isa = PBXBuildFile; fileRef = 21C85ED61F9C45CE00D59EAE /* DataPoint.h */; };
		21C85EDF1F9C45CF00D59EAE /* TimeSeries.h in Headers */ = {isa = PBXBuildFile; fileRef = 21C85ED71F9C45CE00D59EAE /* TimeSeries.h */; };
		21C85EE01F9C45CF00D59EAE /* MemStore.h in Headers */ = {isa = PBXBuildFile; fileRef = 21C85ED81F9C45CE00D59EAE /* MemStore.h */; };
		21C85EE11F9C45CF00D59EAE /* Metric.h in Headers */ = {isa = PBXBuildFile; fileRef = 21C85ED91F9C45CF00D59EAE /* Metric.h */; };
		21C85EE21F9C45CF00D59EAE /* TimeSeriesMap.h in Headers */ = {isa = PBXBuildFile; fileRef = 21C85EDA1F9C45CF00D59EAE /* TimeSeriesMap.h */; };
		21C85EE31F9C45CF00D59EAE /* Store.h in Headers */ = {isa = PBXBuildFile; fileRef = 21C85EDB1F9C45CF00D59EAE /* Store.h */; };
		21C85EE51F9C45DD00D59EAE /* Util.h in Headers */ = {isa = PBXBuildFile; fileRef = 21C85EE41F9C45DD00D59EAE /* Util.h */; };
		21C85EFD1F9C4A8100D59EAE /* MemStore.cpp in Sources */ = {isa = PBXBuildFile; fileRef = 21C85EE71F9C4A7F00D59EAE /* MemStore.cpp */; };
		21C85EFE1F9C4A8100D59EAE /* TimeSeries.cpp in Sources */ = {isa = PBXBuildFile; fileRef = 21C85EE81F9C4A7F00D59EAE /* TimeSeries.cpp */; };
		21C85EFF1F9C4A8100D59EAE /* SQLiteStore.cpp in Sources */ = {isa = PBXBuildFile; fileRef = 21C85EE91F9C4A7F00D59EAE /* SQLiteStore.cpp */; };
		21C85F001F9C4A8100D59EAE /* TimeSeriesMap.cpp in Sources */ = {isa = PBXBuildFile; fileRef = 21C85EEA1F9C4A7F00D59EAE /* TimeSeriesMap.cpp */; };
		21C85F011F9C4A8100D59EAE /* GraphiteStore.cpp in Sources */ = {isa = PBXBuildFile; fileRef = 21C85EEB1F9C4A7F00D59EAE /* GraphiteStore.cpp */; };
		21C85F021F9C4A8100D59EAE /* ResultSet.cpp in Sources */ = {isa = PBXBuildFile; fileRef = 21C85EEC1F9C4A7F00D59EAE /* ResultSet.cpp */; };
		21C85F031F9C4A8100D59EAE /* NarrowTableStore.cpp in Sources */ = {isa = PBXBuildFile; fileRef = 21C85EED1F9C4A7F00D59EAE /* NarrowTableStore.cpp */; };
		21C85F041F9C4A8100D59EAE /* TimeSeriesMapStore.cpp in Sources */ = {isa = PBXBuildFile; fileRef = 21C85EEE1F9C4A8000D59EAE /* TimeSeriesMapStore.cpp */; };
		21C85F051F9C4A8100D59EAE /* DataMap.cpp in Sources */ = {isa = PBXBuildFile; fileRef = 21C85EEF1F9C4A8000D59EAE /* DataMap.cpp */; };
		21C85F061F9C4A8100D59EAE /* Query.cpp in Sources */ = {isa = PBXBuildFile; fileRef = 21C85EF01F9C4A8000D59EAE /* Query.cpp */; };
		21C85F071F9C4A8100D59EAE /* Store.cpp in Sources */ = {isa = PBXBuildFile; fileRef = 21C85EF11F9C4A8000D59EAE /* Store.cpp */; };
		21C85F081F9C4A8100D59EAE /* DataPoint.cpp in Sources */ = {isa = PBXBuildFile; fileRef = 21C85EF21F9C4A8000D59EAE /* DataPoint.cpp */; };
		21C85F091F9C4A8100D59EAE /* BeringeiTimeSeries.cpp in Sources */ = {isa = PBXBuildFile; fileRef = 21C85EF31F9C4A8000D59EAE /* BeringeiTimeSeries.cpp */; };
		21C85F0A1F9C4A8100D59EAE /* DataPoints.cpp in Sources */ = {isa = PBXBuildFile; fileRef = 21C85EF41F9C4A8000D59EAE /* DataPoints.cpp */; };
		21C85F0B1F9C4A8100D59EAE /* DataPointsMap.cpp in Sources */ = {isa = PBXBuildFile; fileRef = 21C85EF51F9C4A8000D59EAE /* DataPointsMap.cpp */; };
		21C85F0C1F9C4A8100D59EAE /* MatrixStore.cpp in Sources */ = {isa = PBXBuildFile; fileRef = 21C85EF61F9C4A8000D59EAE /* MatrixStore.cpp */; };
		21C85F0D1F9C4A8100D59EAE /* Data.cpp in Sources */ = {isa = PBXBuildFile; fileRef = 21C85EF71F9C4A8000D59EAE /* Data.cpp */; };
		21C85F0E1F9C4A8100D59EAE /* RingMapStore.cpp in Sources */ = {isa = PBXBuildFile; fileRef = 21C85EF81F9C4A8000D59EAE /* RingMapStore.cpp */; };
		21C85F0F1F9C4A8100D59EAE /* StaticArrayTimeSeries.cpp in Sources */ = {isa = PBXBuildFile; fileRef = 21C85EF91F9C4A8000D59EAE /* StaticArrayTimeSeries.cpp */; };
		21C85F101F9C4A8100D59EAE /* ArrayTimeSeries.cpp in Sources */ = {isa = PBXBuildFile; fileRef = 21C85EFA1F9C4A8000D59EAE /* ArrayTimeSeries.cpp */; };
		21C85F111F9C4A8100D59EAE /* TSmapStore.cpp in Sources */ = {isa = PBXBuildFile; fileRef = 21C85EFB1F9C4A8100D59EAE /* TSmapStore.cpp */; };
		21C85F121F9C4A8100D59EAE /* RingArrayTimeSeries.cpp in Sources */ = {isa = PBXBuildFile; fileRef = 21C85EFC1F9C4A8100D59EAE /* RingArrayTimeSeries.cpp */; };
		21C85F151F9C4BBC00D59EAE /* Util.cpp in Sources */ = {isa = PBXBuildFile; fileRef = 21C85F141F9C4BBC00D59EAE /* Util.cpp */; };
		21CBC7871F540B2E00B87994 /* query_c.cpp in Sources */ = {isa = PBXBuildFile; fileRef = 21CBC7861F540B2E00B87994 /* query_c.cpp */; };
		21CBC7971F542B6C00B87994 /* resultset_c.cpp in Sources */ = {isa = PBXBuildFile; fileRef = 21CBC7961F542B6C00B87994 /* resultset_c.cpp */; };
		21CBC79B1F55376200B87994 /* store_c_factory.cpp in Sources */ = {isa = PBXBuildFile; fileRef = 21CBC79A1F55376200B87994 /* store_c_factory.cpp */; };
		21ED98311E61B3DD00CDEAD5 /* Foreman.h in Headers */ = {isa = PBXBuildFile; fileRef = 21ED98301E61B3DD00CDEAD5 /* Foreman.h */; };
/* End PBXBuildFile section */

/* Begin PBXFileReference section */
		211B343E1E52F1B8008D5228 /* libforeman++.a */ = {isa = PBXFileReference; explicitFileType = archive.ar; includeInIndex = 0; path = "libforeman++.a"; sourceTree = BUILT_PRODUCTS_DIR; };
		2129D19B1E9693E700FCA490 /* Socket.h */ = {isa = PBXFileReference; fileEncoding = 4; lastKnownFileType = sourcecode.c.h; path = Socket.h; sourceTree = "<group>"; };
		2129D1A01E96940500FCA490 /* Socket.cpp */ = {isa = PBXFileReference; fileEncoding = 4; lastKnownFileType = sourcecode.cpp.cpp; path = Socket.cpp; sourceTree = "<group>"; };
		2129D1A21E96A64600FCA490 /* Graphite.h */ = {isa = PBXFileReference; fileEncoding = 4; lastKnownFileType = sourcecode.c.h; path = Graphite.h; sourceTree = "<group>"; };
		2129D1A41E96A64E00FCA490 /* Graphite.cpp */ = {isa = PBXFileReference; fileEncoding = 4; lastKnownFileType = sourcecode.cpp.cpp; path = Graphite.cpp; sourceTree = "<group>"; };
		215573C11EA1DBE90083A51C /* HttpClient.h */ = {isa = PBXFileReference; fileEncoding = 4; lastKnownFileType = sourcecode.c.h; path = HttpClient.h; sourceTree = "<group>"; };
		215573C31EA1DC0A0083A51C /* HttpClient.cpp */ = {isa = PBXFileReference; fileEncoding = 4; lastKnownFileType = sourcecode.cpp.cpp; path = HttpClient.cpp; sourceTree = "<group>"; };
		217109EC1E867B1D004B2CF6 /* TimeSeriesStream.h */ = {isa = PBXFileReference; fileEncoding = 4; lastKnownFileType = sourcecode.c.h; path = TimeSeriesStream.h; sourceTree = "<group>"; };
		217109EF1E867B2A004B2CF6 /* TimeSeriesStream.cpp */ = {isa = PBXFileReference; fileEncoding = 4; lastKnownFileType = sourcecode.cpp.cpp; path = TimeSeriesStream.cpp; sourceTree = "<group>"; };
		217109F11E867D2A004B2CF6 /* BitUtil.cpp */ = {isa = PBXFileReference; fileEncoding = 4; lastKnownFileType = sourcecode.cpp.cpp; path = BitUtil.cpp; sourceTree = "<group>"; };
		2175C2F51E52F444006C4425 /* Platform.h */ = {isa = PBXFileReference; fileEncoding = 4; lastKnownFileType = sourcecode.c.h; path = Platform.h; sourceTree = "<group>"; };
		21893D8B1E86AD4C001ED8D5 /* BitUtil.h */ = {isa = PBXFileReference; fileEncoding = 4; lastKnownFileType = sourcecode.c.h; path = BitUtil.h; sourceTree = "<group>"; };
		218D47C81F503251002A3FA2 /* foreman-c.h */ = {isa = PBXFileReference; fileEncoding = 4; lastKnownFileType = sourcecode.c.h; path = "foreman-c.h"; sourceTree = "<group>"; };
		218D47CB1F503799002A3FA2 /* metric_c.cpp */ = {isa = PBXFileReference; fileEncoding = 4; lastKnownFileType = sourcecode.cpp.cpp; name = metric_c.cpp; path = clang/metric_c.cpp; sourceTree = "<group>"; };
		218D47CC1F503799002A3FA2 /* store_c.cpp */ = {isa = PBXFileReference; fileEncoding = 4; lastKnownFileType = sourcecode.cpp.cpp; name = store_c.cpp; path = clang/store_c.cpp; sourceTree = "<group>"; };
		21B60DBC1E5D47D3009D663B /* Const.h */ = {isa = PBXFileReference; fileEncoding = 4; lastKnownFileType = sourcecode.c.h; path = Const.h; sourceTree = "<group>"; };
		21C33CAD1E869F660011C873 /* TimeSeriesStream-inl.h */ = {isa = PBXFileReference; fileEncoding = 4; lastKnownFileType = sourcecode.c.h; path = "TimeSeriesStream-inl.h"; sourceTree = "<group>"; };
		21C69B511F5AAEDE009B51DE /* datapoint_c.cpp */ = {isa = PBXFileReference; fileEncoding = 4; lastKnownFileType = sourcecode.cpp.cpp; name = datapoint_c.cpp; path = clang/datapoint_c.cpp; sourceTree = "<group>"; };
		21C69B521F5AAEDE009B51DE /* datapoints_c.cpp */ = {isa = PBXFileReference; fileEncoding = 4; lastKnownFileType = sourcecode.cpp.cpp; name = datapoints_c.cpp; path = clang/datapoints_c.cpp; sourceTree = "<group>"; };
		21C85ED41F9C45CE00D59EAE /* ResultSet.h */ = {isa = PBXFileReference; fileEncoding = 4; lastKnownFileType = sourcecode.c.h; name = ResultSet.h; path = ../metric/ResultSet.h; sourceTree = "<group>"; };
		21C85ED51F9C45CE00D59EAE /* Query.h */ = {isa = PBXFileReference; fileEncoding = 4; lastKnownFileType = sourcecode.c.h; name = Query.h; path = ../metric/Query.h; sourceTree = "<group>"; };
		21C85ED61F9C45CE00D59EAE /* DataPoint.h */ = {isa = PBXFileReference; fileEncoding = 4; lastKnownFileType = sourcecode.c.h; name = DataPoint.h; path = ../metric/DataPoint.h; sourceTree = "<group>"; };
		21C85ED71F9C45CE00D59EAE /* TimeSeries.h */ = {isa = PBXFileReference; fileEncoding = 4; lastKnownFileType = sourcecode.c.h; name = TimeSeries.h; path = ../metric/TimeSeries.h; sourceTree = "<group>"; };
		21C85ED81F9C45CE00D59EAE /* MemStore.h */ = {isa = PBXFileReference; fileEncoding = 4; lastKnownFileType = sourcecode.c.h; name = MemStore.h; path = ../metric/MemStore.h; sourceTree = "<group>"; };
		21C85ED91F9C45CF00D59EAE /* Metric.h */ = {isa = PBXFileReference; fileEncoding = 4; lastKnownFileType = sourcecode.c.h; name = Metric.h; path = ../metric/Metric.h; sourceTree = "<group>"; };
		21C85EDA1F9C45CF00D59EAE /* TimeSeriesMap.h */ = {isa = PBXFileReference; fileEncoding = 4; lastKnownFileType = sourcecode.c.h; name = TimeSeriesMap.h; path = ../metric/TimeSeriesMap.h; sourceTree = "<group>"; };
		21C85EDB1F9C45CF00D59EAE /* Store.h */ = {isa = PBXFileReference; fileEncoding = 4; lastKnownFileType = sourcecode.c.h; name = Store.h; path = ../metric/Store.h; sourceTree = "<group>"; };
		21C85EE41F9C45DD00D59EAE /* Util.h */ = {isa = PBXFileReference; fileEncoding = 4; lastKnownFileType = sourcecode.c.h; name = Util.h; path = ../util/Util.h; sourceTree = "<group>"; };
		21C85EE71F9C4A7F00D59EAE /* MemStore.cpp */ = {isa = PBXFileReference; fileEncoding = 4; lastKnownFileType = sourcecode.cpp.cpp; name = MemStore.cpp; path = ../metric/MemStore.cpp; sourceTree = "<group>"; };
		21C85EE81F9C4A7F00D59EAE /* TimeSeries.cpp */ = {isa = PBXFileReference; fileEncoding = 4; lastKnownFileType = sourcecode.cpp.cpp; name = TimeSeries.cpp; path = ../metric/TimeSeries.cpp; sourceTree = "<group>"; };
		21C85EE91F9C4A7F00D59EAE /* SQLiteStore.cpp */ = {isa = PBXFileReference; fileEncoding = 4; lastKnownFileType = sourcecode.cpp.cpp; name = SQLiteStore.cpp; path = ../metric/SQLiteStore.cpp; sourceTree = "<group>"; };
		21C85EEA1F9C4A7F00D59EAE /* TimeSeriesMap.cpp */ = {isa = PBXFileReference; fileEncoding = 4; lastKnownFileType = sourcecode.cpp.cpp; name = TimeSeriesMap.cpp; path = ../metric/TimeSeriesMap.cpp; sourceTree = "<group>"; };
		21C85EEB1F9C4A7F00D59EAE /* GraphiteStore.cpp */ = {isa = PBXFileReference; fileEncoding = 4; lastKnownFileType = sourcecode.cpp.cpp; name = GraphiteStore.cpp; path = ../metric/GraphiteStore.cpp; sourceTree = "<group>"; };
		21C85EEC1F9C4A7F00D59EAE /* ResultSet.cpp */ = {isa = PBXFileReference; fileEncoding = 4; lastKnownFileType = sourcecode.cpp.cpp; name = ResultSet.cpp; path = ../metric/ResultSet.cpp; sourceTree = "<group>"; };
		21C85EED1F9C4A7F00D59EAE /* NarrowTableStore.cpp */ = {isa = PBXFileReference; fileEncoding = 4; lastKnownFileType = sourcecode.cpp.cpp; name = NarrowTableStore.cpp; path = ../metric/NarrowTableStore.cpp; sourceTree = "<group>"; };
		21C85EEE1F9C4A8000D59EAE /* TimeSeriesMapStore.cpp */ = {isa = PBXFileReference; fileEncoding = 4; lastKnownFileType = sourcecode.cpp.cpp; name = TimeSeriesMapStore.cpp; path = ../metric/TimeSeriesMapStore.cpp; sourceTree = "<group>"; };
		21C85EEF1F9C4A8000D59EAE /* DataMap.cpp */ = {isa = PBXFileReference; fileEncoding = 4; lastKnownFileType = sourcecode.cpp.cpp; name = DataMap.cpp; path = ../metric/DataMap.cpp; sourceTree = "<group>"; };
		21C85EF01F9C4A8000D59EAE /* Query.cpp */ = {isa = PBXFileReference; fileEncoding = 4; lastKnownFileType = sourcecode.cpp.cpp; name = Query.cpp; path = ../metric/Query.cpp; sourceTree = "<group>"; };
		21C85EF11F9C4A8000D59EAE /* Store.cpp */ = {isa = PBXFileReference; fileEncoding = 4; lastKnownFileType = sourcecode.cpp.cpp; name = Store.cpp; path = ../metric/Store.cpp; sourceTree = "<group>"; };
		21C85EF21F9C4A8000D59EAE /* DataPoint.cpp */ = {isa = PBXFileReference; fileEncoding = 4; lastKnownFileType = sourcecode.cpp.cpp; name = DataPoint.cpp; path = ../metric/DataPoint.cpp; sourceTree = "<group>"; };
		21C85EF31F9C4A8000D59EAE /* BeringeiTimeSeries.cpp */ = {isa = PBXFileReference; fileEncoding = 4; lastKnownFileType = sourcecode.cpp.cpp; name = BeringeiTimeSeries.cpp; path = ../metric/BeringeiTimeSeries.cpp; sourceTree = "<group>"; };
		21C85EF41F9C4A8000D59EAE /* DataPoints.cpp */ = {isa = PBXFileReference; fileEncoding = 4; lastKnownFileType = sourcecode.cpp.cpp; name = DataPoints.cpp; path = ../metric/DataPoints.cpp; sourceTree = "<group>"; };
		21C85EF51F9C4A8000D59EAE /* DataPointsMap.cpp */ = {isa = PBXFileReference; fileEncoding = 4; lastKnownFileType = sourcecode.cpp.cpp; name = DataPointsMap.cpp; path = ../metric/DataPointsMap.cpp; sourceTree = "<group>"; };
		21C85EF61F9C4A8000D59EAE /* MatrixStore.cpp */ = {isa = PBXFileReference; fileEncoding = 4; lastKnownFileType = sourcecode.cpp.cpp; name = MatrixStore.cpp; path = ../metric/MatrixStore.cpp; sourceTree = "<group>"; };
		21C85EF71F9C4A8000D59EAE /* Data.cpp */ = {isa = PBXFileReference; fileEncoding = 4; lastKnownFileType = sourcecode.cpp.cpp; name = Data.cpp; path = ../metric/Data.cpp; sourceTree = "<group>"; };
		21C85EF81F9C4A8000D59EAE /* RingMapStore.cpp */ = {isa = PBXFileReference; fileEncoding = 4; lastKnownFileType = sourcecode.cpp.cpp; name = RingMapStore.cpp; path = ../metric/RingMapStore.cpp; sourceTree = "<group>"; };
		21C85EF91F9C4A8000D59EAE /* StaticArrayTimeSeries.cpp */ = {isa = PBXFileReference; fileEncoding = 4; lastKnownFileType = sourcecode.cpp.cpp; name = StaticArrayTimeSeries.cpp; path = ../metric/StaticArrayTimeSeries.cpp; sourceTree = "<group>"; };
		21C85EFA1F9C4A8000D59EAE /* ArrayTimeSeries.cpp */ = {isa = PBXFileReference; fileEncoding = 4; lastKnownFileType = sourcecode.cpp.cpp; name = ArrayTimeSeries.cpp; path = ../metric/ArrayTimeSeries.cpp; sourceTree = "<group>"; };
		21C85EFB1F9C4A8100D59EAE /* TSmapStore.cpp */ = {isa = PBXFileReference; fileEncoding = 4; lastKnownFileType = sourcecode.cpp.cpp; name = TSmapStore.cpp; path = ../metric/TSmapStore.cpp; sourceTree = "<group>"; };
		21C85EFC1F9C4A8100D59EAE /* RingArrayTimeSeries.cpp */ = {isa = PBXFileReference; fileEncoding = 4; lastKnownFileType = sourcecode.cpp.cpp; name = RingArrayTimeSeries.cpp; path = ../metric/RingArrayTimeSeries.cpp; sourceTree = "<group>"; };
		21C85F141F9C4BBC00D59EAE /* Util.cpp */ = {isa = PBXFileReference; fileEncoding = 4; lastKnownFileType = sourcecode.cpp.cpp; name = Util.cpp; path = util/Util.cpp; sourceTree = "<group>"; };
		21CBC7861F540B2E00B87994 /* query_c.cpp */ = {isa = PBXFileReference; fileEncoding = 4; lastKnownFileType = sourcecode.cpp.cpp; name = query_c.cpp; path = clang/query_c.cpp; sourceTree = "<group>"; };
		21CBC7961F542B6C00B87994 /* resultset_c.cpp */ = {isa = PBXFileReference; fileEncoding = 4; lastKnownFileType = sourcecode.cpp.cpp; name = resultset_c.cpp; path = clang/resultset_c.cpp; sourceTree = "<group>"; };
		21CBC79A1F55376200B87994 /* store_c_factory.cpp */ = {isa = PBXFileReference; fileEncoding = 4; lastKnownFileType = sourcecode.cpp.cpp; name = store_c_factory.cpp; path = clang/store_c_factory.cpp; sourceTree = "<group>"; };
		21ED98301E61B3DD00CDEAD5 /* Foreman.h */ = {isa = PBXFileReference; fileEncoding = 4; lastKnownFileType = sourcecode.c.h; path = Foreman.h; sourceTree = "<group>"; };
/* End PBXFileReference section */

/* Begin PBXFrameworksBuildPhase section */
		211B343B1E52F1B8008D5228 /* Frameworks */ = {
			isa = PBXFrameworksBuildPhase;
			buildActionMask = 2147483647;
			files = (
			);
			runOnlyForDeploymentPostprocessing = 0;
		};
/* End PBXFrameworksBuildPhase section */

/* Begin PBXGroup section */
		211B34351E52F1B8008D5228 = {
			isa = PBXGroup;
			children = (
				2175C2F21E52F423006C4425 /* Headers */,
				2175C2F81E52F44D006C4425 /* Sources */,
				211B343F1E52F1B8008D5228 /* Products */,
			);
			sourceTree = "<group>";
		};
		211B343F1E52F1B8008D5228 /* Products */ = {
			isa = PBXGroup;
			children = (
				211B343E1E52F1B8008D5228 /* libforeman++.a */,
			);
			name = Products;
			sourceTree = "<group>";
		};
		2129D19A1E9693E700FCA490 /* net */ = {
			isa = PBXGroup;
			children = (
				215573C11EA1DBE90083A51C /* HttpClient.h */,
				2129D1A21E96A64600FCA490 /* Graphite.h */,
				2129D19B1E9693E700FCA490 /* Socket.h */,
			);
			path = net;
			sourceTree = "<group>";
		};
		2129D19F1E96940500FCA490 /* net */ = {
			isa = PBXGroup;
			children = (
				215573C31EA1DC0A0083A51C /* HttpClient.cpp */,
				2129D1A41E96A64E00FCA490 /* Graphite.cpp */,
				2129D1A01E96940500FCA490 /* Socket.cpp */,
			);
			path = net;
			sourceTree = "<group>";
		};
		217109EB1E867B1D004B2CF6 /* beringei */ = {
			isa = PBXGroup;
			children = (
				21893D8B1E86AD4C001ED8D5 /* BitUtil.h */,
				217109EC1E867B1D004B2CF6 /* TimeSeriesStream.h */,
				21C33CAD1E869F660011C873 /* TimeSeriesStream-inl.h */,
			);
			name = beringei;
			path = ../../../include/beringei;
			sourceTree = "<group>";
		};
		217109EE1E867B2A004B2CF6 /* beringei */ = {
			isa = PBXGroup;
			children = (
				217109F11E867D2A004B2CF6 /* BitUtil.cpp */,
				217109EF1E867B2A004B2CF6 /* TimeSeriesStream.cpp */,
			);
			name = beringei;
			path = ../../../src/beringei;
			sourceTree = "<group>";
		};
		2175C2F21E52F423006C4425 /* Headers */ = {
			isa = PBXGroup;
			children = (
				217109EB1E867B1D004B2CF6 /* beringei */,
				2175C2F31E52F444006C4425 /* foreman */,
			);
			name = Headers;
			sourceTree = "<group>";
		};
		2175C2F31E52F444006C4425 /* foreman */ = {
			isa = PBXGroup;
			children = (
				21C85ED31F9C459900D59EAE /* metric */,
				21C85ED21F9C458900D59EAE /* util */,
				21B60DBC1E5D47D3009D663B /* Const.h */,
				218D47C81F503251002A3FA2 /* foreman-c.h */,
				21ED98301E61B3DD00CDEAD5 /* Foreman.h */,
				2175C2F51E52F444006C4425 /* Platform.h */,
				2129D19A1E9693E700FCA490 /* net */,
			);
			name = foreman;
			path = ../../../include/foreman;
			sourceTree = "<group>";
		};
		2175C2F81E52F44D006C4425 /* Sources */ = {
			isa = PBXGroup;
			children = (
				217109EE1E867B2A004B2CF6 /* beringei */,
				2175C2F91E52F470006C4425 /* foreman */,
			);
			name = Sources;
			sourceTree = "<group>";
		};
		2175C2F91E52F470006C4425 /* foreman */ = {
			isa = PBXGroup;
			children = (
				21C85F131F9C4BB000D59EAE /* util */,
				21C85EE61F9C4A5600D59EAE /* metric */,
				218D47CA1F503778002A3FA2 /* clang */,
				2129D19F1E96940500FCA490 /* net */,
			);
			name = foreman;
			path = ../../../src/foreman;
			sourceTree = "<group>";
		};
		218D47CA1F503778002A3FA2 /* clang */ = {
			isa = PBXGroup;
			children = (
				21C69B511F5AAEDE009B51DE /* datapoint_c.cpp */,
				21C69B521F5AAEDE009B51DE /* datapoints_c.cpp */,
				218D47CB1F503799002A3FA2 /* metric_c.cpp */,
				21CBC7861F540B2E00B87994 /* query_c.cpp */,
				21CBC7961F542B6C00B87994 /* resultset_c.cpp */,
				218D47CC1F503799002A3FA2 /* store_c.cpp */,
				21CBC79A1F55376200B87994 /* store_c_factory.cpp */,
			);
			name = clang;
			sourceTree = "<group>";
		};
		21C85ED21F9C458900D59EAE /* util */ = {
			isa = PBXGroup;
			children = (
				21C85EE41F9C45DD00D59EAE /* Util.h */,
			);
			name = util;
			path = "New Group";
			sourceTree = "<group>";
		};
		21C85ED31F9C459900D59EAE /* metric */ = {
			isa = PBXGroup;
			children = (
				21C85ED61F9C45CE00D59EAE /* DataPoint.h */,
				21C85ED81F9C45CE00D59EAE /* MemStore.h */,
				21C85ED91F9C45CF00D59EAE /* Metric.h */,
				21C85ED51F9C45CE00D59EAE /* Query.h */,
				21C85ED41F9C45CE00D59EAE /* ResultSet.h */,
				21C85EDB1F9C45CF00D59EAE /* Store.h */,
				21C85ED71F9C45CE00D59EAE /* TimeSeries.h */,
				21C85EDA1F9C45CF00D59EAE /* TimeSeriesMap.h */,
			);
			name = metric;
			path = "New Group1";
			sourceTree = "<group>";
		};
		21C85EE61F9C4A5600D59EAE /* metric */ = {
			isa = PBXGroup;
			children = (
				21C85EFA1F9C4A8000D59EAE /* ArrayTimeSeries.cpp */,
				21C85EF31F9C4A8000D59EAE /* BeringeiTimeSeries.cpp */,
				21C85EF71F9C4A8000D59EAE /* Data.cpp */,
				21C85EEF1F9C4A8000D59EAE /* DataMap.cpp */,
				21C85EF21F9C4A8000D59EAE /* DataPoint.cpp */,
				21C85EF41F9C4A8000D59EAE /* DataPoints.cpp */,
				21C85EF51F9C4A8000D59EAE /* DataPointsMap.cpp */,
				21C85EEB1F9C4A7F00D59EAE /* GraphiteStore.cpp */,
				21C85EF61F9C4A8000D59EAE /* MatrixStore.cpp */,
				21C85EE71F9C4A7F00D59EAE /* MemStore.cpp */,
				21C85EED1F9C4A7F00D59EAE /* NarrowTableStore.cpp */,
				21C85EF01F9C4A8000D59EAE /* Query.cpp */,
				21C85EEC1F9C4A7F00D59EAE /* ResultSet.cpp */,
				21C85EFC1F9C4A8100D59EAE /* RingArrayTimeSeries.cpp */,
				21C85EF81F9C4A8000D59EAE /* RingMapStore.cpp */,
				21C85EE91F9C4A7F00D59EAE /* SQLiteStore.cpp */,
				21C85EF91F9C4A8000D59EAE /* StaticArrayTimeSeries.cpp */,
				21C85EF11F9C4A8000D59EAE /* Store.cpp */,
				21C85EE81F9C4A7F00D59EAE /* TimeSeries.cpp */,
				21C85EEA1F9C4A7F00D59EAE /* TimeSeriesMap.cpp */,
				21C85EEE1F9C4A8000D59EAE /* TimeSeriesMapStore.cpp */,
				21C85EFB1F9C4A8100D59EAE /* TSmapStore.cpp */,
			);
			name = metric;
			path = metirc;
			sourceTree = "<group>";
		};
		21C85F131F9C4BB000D59EAE /* util */ = {
			isa = PBXGroup;
			children = (
				21C85F141F9C4BBC00D59EAE /* Util.cpp */,
			);
			name = util;
			sourceTree = "<group>";
		};
/* End PBXGroup section */

/* Begin PBXHeadersBuildPhase section */
		211B343C1E52F1B8008D5228 /* Headers */ = {
			isa = PBXHeadersBuildPhase;
			buildActionMask = 2147483647;
			files = (
				21C85EE31F9C45CF00D59EAE /* Store.h in Headers */,
				21B60DBD1E5D47D3009D663B /* Const.h in Headers */,
				215573C21EA1DBE90083A51C /* HttpClient.h in Headers */,
				21C85EE11F9C45CF00D59EAE /* Metric.h in Headers */,
				21C33CAE1E869F660011C873 /* TimeSeriesStream-inl.h in Headers */,
				21C85EDD1F9C45CF00D59EAE /* Query.h in Headers */,
				21C85EE21F9C45CF00D59EAE /* TimeSeriesMap.h in Headers */,
				21C85EDF1F9C45CF00D59EAE /* TimeSeries.h in Headers */,
				217109ED1E867B1D004B2CF6 /* TimeSeriesStream.h in Headers */,
				2129D19C1E9693E700FCA490 /* Socket.h in Headers */,
				218D47C91F503251002A3FA2 /* foreman-c.h in Headers */,
				21C85EDC1F9C45CF00D59EAE /* ResultSet.h in Headers */,
				2129D1A31E96A64600FCA490 /* Graphite.h in Headers */,
				21ED98311E61B3DD00CDEAD5 /* Foreman.h in Headers */,
				21C85EDE1F9C45CF00D59EAE /* DataPoint.h in Headers */,
				21C85EE51F9C45DD00D59EAE /* Util.h in Headers */,
				21893D8C1E86AD4C001ED8D5 /* BitUtil.h in Headers */,
				2175C2F71E52F444006C4425 /* Platform.h in Headers */,
				21C85EE01F9C45CF00D59EAE /* MemStore.h in Headers */,
			);
			runOnlyForDeploymentPostprocessing = 0;
		};
/* End PBXHeadersBuildPhase section */

/* Begin PBXNativeTarget section */
		211B343D1E52F1B8008D5228 /* libforeman++ */ = {
			isa = PBXNativeTarget;
			buildConfigurationList = 211B34421E52F1B8008D5228 /* Build configuration list for PBXNativeTarget "libforeman++" */;
			buildPhases = (
				211B343A1E52F1B8008D5228 /* Sources */,
				211B343B1E52F1B8008D5228 /* Frameworks */,
				211B343C1E52F1B8008D5228 /* Headers */,
			);
			buildRules = (
			);
			dependencies = (
			);
			name = "libforeman++";
			productName = "libforeman++";
			productReference = 211B343E1E52F1B8008D5228 /* libforeman++.a */;
			productType = "com.apple.product-type.library.static";
		};
/* End PBXNativeTarget section */

/* Begin PBXProject section */
		211B34361E52F1B8008D5228 /* Project object */ = {
			isa = PBXProject;
			attributes = {
				LastUpgradeCheck = 0900;
				ORGANIZATIONNAME = "Satoshi Konno";
				TargetAttributes = {
					211B343D1E52F1B8008D5228 = {
						CreatedOnToolsVersion = 8.2.1;
						ProvisioningStyle = Automatic;
					};
				};
			};
			buildConfigurationList = 211B34391E52F1B8008D5228 /* Build configuration list for PBXProject "libforeman++" */;
			compatibilityVersion = "Xcode 3.2";
			developmentRegion = English;
			hasScannedForEncodings = 0;
			knownRegions = (
				en,
			);
			mainGroup = 211B34351E52F1B8008D5228;
			productRefGroup = 211B343F1E52F1B8008D5228 /* Products */;
			projectDirPath = "";
			projectRoot = "";
			targets = (
				211B343D1E52F1B8008D5228 /* libforeman++ */,
			);
		};
/* End PBXProject section */

/* Begin PBXSourcesBuildPhase section */
		211B343A1E52F1B8008D5228 /* Sources */ = {
			isa = PBXSourcesBuildPhase;
			buildActionMask = 2147483647;
			files = (
				2129D1A51E96A64E00FCA490 /* Graphite.cpp in Sources */,
				21C85F121F9C4A8100D59EAE /* RingArrayTimeSeries.cpp in Sources */,
				21C85EFF1F9C4A8100D59EAE /* SQLiteStore.cpp in Sources */,
				21C85F011F9C4A8100D59EAE /* GraphiteStore.cpp in Sources */,
				21C85F0D1F9C4A8100D59EAE /* Data.cpp in Sources */,
				21C85F0F1F9C4A8100D59EAE /* StaticArrayTimeSeries.cpp in Sources */,
				21C85EFD1F9C4A8100D59EAE /* MemStore.cpp in Sources */,
				21CBC7971F542B6C00B87994 /* resultset_c.cpp in Sources */,
				21C85F111F9C4A8100D59EAE /* TSmapStore.cpp in Sources */,
				21C69B541F5AAEDE009B51DE /* datapoints_c.cpp in Sources */,
				21C85F0C1F9C4A8100D59EAE /* MatrixStore.cpp in Sources */,
				21C69B531F5AAEDE009B51DE /* datapoint_c.cpp in Sources */,
				21CBC7871F540B2E00B87994 /* query_c.cpp in Sources */,
				21C85F051F9C4A8100D59EAE /* DataMap.cpp in Sources */,
				217109F31E867D2A004B2CF6 /* BitUtil.cpp in Sources */,
				21C85F081F9C4A8100D59EAE /* DataPoint.cpp in Sources */,
				218D47CE1F503799002A3FA2 /* store_c.cpp in Sources */,
				218D47CD1F503799002A3FA2 /* metric_c.cpp in Sources */,
				21C85F071F9C4A8100D59EAE /* Store.cpp in Sources */,
				21C85F0A1F9C4A8100D59EAE /* DataPoints.cpp in Sources */,
				21C85F061F9C4A8100D59EAE /* Query.cpp in Sources */,
				21C85F001F9C4A8100D59EAE /* TimeSeriesMap.cpp in Sources */,
				21C85F041F9C4A8100D59EAE /* TimeSeriesMapStore.cpp in Sources */,
				21C85EFE1F9C4A8100D59EAE /* TimeSeries.cpp in Sources */,
				217109F01E867B2A004B2CF6 /* TimeSeriesStream.cpp in Sources */,
				21C85F0B1F9C4A8100D59EAE /* DataPointsMap.cpp in Sources */,
				215573C41EA1DC0A0083A51C /* HttpClient.cpp in Sources */,
				21C85F0E1F9C4A8100D59EAE /* RingMapStore.cpp in Sources */,
				21C85F031F9C4A8100D59EAE /* NarrowTableStore.cpp in Sources */,
				21C85F021F9C4A8100D59EAE /* ResultSet.cpp in Sources */,
				21CBC79B1F55376200B87994 /* store_c_factory.cpp in Sources */,
				21C85F101F9C4A8100D59EAE /* ArrayTimeSeries.cpp in Sources */,
				21C85F091F9C4A8100D59EAE /* BeringeiTimeSeries.cpp in Sources */,
				2129D1A11E96940500FCA490 /* Socket.cpp in Sources */,
				21C85F151F9C4BBC00D59EAE /* Util.cpp in Sources */,
			);
			runOnlyForDeploymentPostprocessing = 0;
		};
/* End PBXSourcesBuildPhase section */

/* Begin XCBuildConfiguration section */
		211B34401E52F1B8008D5228 /* Debug */ = {
			isa = XCBuildConfiguration;
			buildSettings = {
				ALWAYS_SEARCH_USER_PATHS = NO;
				CLANG_ANALYZER_NONNULL = YES;
				CLANG_CXX_LANGUAGE_STANDARD = "gnu++0x";
				CLANG_CXX_LIBRARY = "libc++";
				CLANG_ENABLE_MODULES = YES;
				CLANG_ENABLE_OBJC_ARC = YES;
				CLANG_WARN_BLOCK_CAPTURE_AUTORELEASING = YES;
				CLANG_WARN_BOOL_CONVERSION = YES;
				CLANG_WARN_COMMA = YES;
				CLANG_WARN_CONSTANT_CONVERSION = YES;
				CLANG_WARN_DIRECT_OBJC_ISA_USAGE = YES_ERROR;
				CLANG_WARN_DOCUMENTATION_COMMENTS = YES;
				CLANG_WARN_EMPTY_BODY = YES;
				CLANG_WARN_ENUM_CONVERSION = YES;
				CLANG_WARN_INFINITE_RECURSION = YES;
				CLANG_WARN_INT_CONVERSION = YES;
				CLANG_WARN_NON_LITERAL_NULL_CONVERSION = YES;
				CLANG_WARN_OBJC_LITERAL_CONVERSION = YES;
				CLANG_WARN_OBJC_ROOT_CLASS = YES_ERROR;
				CLANG_WARN_RANGE_LOOP_ANALYSIS = YES;
				CLANG_WARN_STRICT_PROTOTYPES = YES;
				CLANG_WARN_SUSPICIOUS_MOVE = YES;
				CLANG_WARN_UNREACHABLE_CODE = YES;
				CLANG_WARN__DUPLICATE_METHOD_MATCH = YES;
				CODE_SIGN_IDENTITY = "-";
				COPY_PHASE_STRIP = NO;
				DEBUG_INFORMATION_FORMAT = dwarf;
				ENABLE_STRICT_OBJC_MSGSEND = YES;
				ENABLE_TESTABILITY = YES;
				GCC_C_LANGUAGE_STANDARD = gnu99;
				GCC_DYNAMIC_NO_PIC = NO;
				GCC_NO_COMMON_BLOCKS = YES;
				GCC_OPTIMIZATION_LEVEL = 0;
				GCC_PREPROCESSOR_DEFINITIONS = (
					"DEBUG=1",
					"$(inherited)",
				);
				GCC_WARN_64_TO_32_BIT_CONVERSION = YES;
				GCC_WARN_ABOUT_RETURN_TYPE = YES_ERROR;
				GCC_WARN_UNDECLARED_SELECTOR = YES;
				GCC_WARN_UNINITIALIZED_AUTOS = YES_AGGRESSIVE;
				GCC_WARN_UNUSED_FUNCTION = YES;
				GCC_WARN_UNUSED_VARIABLE = YES;
				HEADER_SEARCH_PATHS = (
					/usr/local/include,
					../../../include,
				);
				MACOSX_DEPLOYMENT_TARGET = 10.12;
				MTL_ENABLE_DEBUG_INFO = YES;
				ONLY_ACTIVE_ARCH = YES;
				SDKROOT = macosx;
			};
			name = Debug;
		};
		211B34411E52F1B8008D5228 /* Release */ = {
			isa = XCBuildConfiguration;
			buildSettings = {
				ALWAYS_SEARCH_USER_PATHS = NO;
				CLANG_ANALYZER_NONNULL = YES;
				CLANG_CXX_LANGUAGE_STANDARD = "gnu++0x";
				CLANG_CXX_LIBRARY = "libc++";
				CLANG_ENABLE_MODULES = YES;
				CLANG_ENABLE_OBJC_ARC = YES;
				CLANG_WARN_BLOCK_CAPTURE_AUTORELEASING = YES;
				CLANG_WARN_BOOL_CONVERSION = YES;
				CLANG_WARN_COMMA = YES;
				CLANG_WARN_CONSTANT_CONVERSION = YES;
				CLANG_WARN_DIRECT_OBJC_ISA_USAGE = YES_ERROR;
				CLANG_WARN_DOCUMENTATION_COMMENTS = YES;
				CLANG_WARN_EMPTY_BODY = YES;
				CLANG_WARN_ENUM_CONVERSION = YES;
				CLANG_WARN_INFINITE_RECURSION = YES;
				CLANG_WARN_INT_CONVERSION = YES;
				CLANG_WARN_NON_LITERAL_NULL_CONVERSION = YES;
				CLANG_WARN_OBJC_LITERAL_CONVERSION = YES;
				CLANG_WARN_OBJC_ROOT_CLASS = YES_ERROR;
				CLANG_WARN_RANGE_LOOP_ANALYSIS = YES;
				CLANG_WARN_STRICT_PROTOTYPES = YES;
				CLANG_WARN_SUSPICIOUS_MOVE = YES;
				CLANG_WARN_UNREACHABLE_CODE = YES;
				CLANG_WARN__DUPLICATE_METHOD_MATCH = YES;
				CODE_SIGN_IDENTITY = "-";
				COPY_PHASE_STRIP = NO;
				DEBUG_INFORMATION_FORMAT = "dwarf-with-dsym";
				ENABLE_NS_ASSERTIONS = NO;
				ENABLE_STRICT_OBJC_MSGSEND = YES;
				GCC_C_LANGUAGE_STANDARD = gnu99;
				GCC_NO_COMMON_BLOCKS = YES;
				GCC_WARN_64_TO_32_BIT_CONVERSION = YES;
				GCC_WARN_ABOUT_RETURN_TYPE = YES_ERROR;
				GCC_WARN_UNDECLARED_SELECTOR = YES;
				GCC_WARN_UNINITIALIZED_AUTOS = YES_AGGRESSIVE;
				GCC_WARN_UNUSED_FUNCTION = YES;
				GCC_WARN_UNUSED_VARIABLE = YES;
				HEADER_SEARCH_PATHS = (
					/usr/local/include,
					../../../include,
				);
				MACOSX_DEPLOYMENT_TARGET = 10.12;
				MTL_ENABLE_DEBUG_INFO = NO;
				SDKROOT = macosx;
			};
			name = Release;
		};
		211B34431E52F1B8008D5228 /* Debug */ = {
			isa = XCBuildConfiguration;
			buildSettings = {
				EXECUTABLE_PREFIX = "";
				PRODUCT_NAME = "$(TARGET_NAME)";
			};
			name = Debug;
		};
		211B34441E52F1B8008D5228 /* Release */ = {
			isa = XCBuildConfiguration;
			buildSettings = {
				EXECUTABLE_PREFIX = "";
				PRODUCT_NAME = "$(TARGET_NAME)";
			};
			name = Release;
		};
/* End XCBuildConfiguration section */

/* Begin XCConfigurationList section */
		211B34391E52F1B8008D5228 /* Build configuration list for PBXProject "libforeman++" */ = {
			isa = XCConfigurationList;
			buildConfigurations = (
				211B34401E52F1B8008D5228 /* Debug */,
				211B34411E52F1B8008D5228 /* Release */,
			);
			defaultConfigurationIsVisible = 0;
			defaultConfigurationName = Release;
		};
		211B34421E52F1B8008D5228 /* Build configuration list for PBXNativeTarget "libforeman++" */ = {
			isa = XCConfigurationList;
			buildConfigurations = (
				211B34431E52F1B8008D5228 /* Debug */,
				211B34441E52F1B8008D5228 /* Release */,
			);
			defaultConfigurationIsVisible = 0;
			defaultConfigurationName = Release;
		};
/* End XCConfigurationList section */
	};
	rootObject = 211B34361E52F1B8008D5228 /* Project object */;
}
