// !$*UTF8*$!
{
	archiveVersion = 1;
	classes = {
	};
	objectVersion = 46;
	objects = {

/* Begin PBXBuildFile section */
		210067F81E570FD800A8DA0A /* TimeSeriesMap.cpp in Sources */ = {isa = PBXBuildFile; fileRef = 210067F71E570FD800A8DA0A /* TimeSeriesMap.cpp */; };
		210067FA1E57279400A8DA0A /* ArrayTimeSeries.cpp in Sources */ = {isa = PBXBuildFile; fileRef = 210067F91E57279400A8DA0A /* ArrayTimeSeries.cpp */; };
		2129D19C1E9693E700FCA490 /* Socket.h in Headers */ = {isa = PBXBuildFile; fileRef = 2129D19B1E9693E700FCA490 /* Socket.h */; };
		2129D1A11E96940500FCA490 /* Socket.cpp in Sources */ = {isa = PBXBuildFile; fileRef = 2129D1A01E96940500FCA490 /* Socket.cpp */; };
		2129D1A31E96A64600FCA490 /* Graphite.h in Headers */ = {isa = PBXBuildFile; fileRef = 2129D1A21E96A64600FCA490 /* Graphite.h */; };
		2129D1A51E96A64E00FCA490 /* Graphite.cpp in Sources */ = {isa = PBXBuildFile; fileRef = 2129D1A41E96A64E00FCA490 /* Graphite.cpp */; };
		213E7FDC1E56078F00E41441 /* TimeSeries.h in Headers */ = {isa = PBXBuildFile; fileRef = 213E7FDB1E56078F00E41441 /* TimeSeries.h */; };
		213E7FDE1E56080900E41441 /* TimeSeries.cpp in Sources */ = {isa = PBXBuildFile; fileRef = 213E7FDD1E56080900E41441 /* TimeSeries.cpp */; };
		217109ED1E867B1D004B2CF6 /* TimeSeriesStream.h in Headers */ = {isa = PBXBuildFile; fileRef = 217109EC1E867B1D004B2CF6 /* TimeSeriesStream.h */; };
		217109F01E867B2A004B2CF6 /* TimeSeriesStream.cpp in Sources */ = {isa = PBXBuildFile; fileRef = 217109EF1E867B2A004B2CF6 /* TimeSeriesStream.cpp */; };
		217109F31E867D2A004B2CF6 /* BitUtil.cpp in Sources */ = {isa = PBXBuildFile; fileRef = 217109F11E867D2A004B2CF6 /* BitUtil.cpp */; };
		2175C2F61E52F444006C4425 /* MemStore.h in Headers */ = {isa = PBXBuildFile; fileRef = 2175C2F41E52F444006C4425 /* MemStore.h */; };
		2175C2F71E52F444006C4425 /* Platform.h in Headers */ = {isa = PBXBuildFile; fileRef = 2175C2F51E52F444006C4425 /* Platform.h */; };
		2175C3001E52F470006C4425 /* MemStore.cpp in Sources */ = {isa = PBXBuildFile; fileRef = 2175C2FE1E52F470006C4425 /* MemStore.cpp */; };
		21797E201E5357AB00C7C599 /* RingMapStore.cpp in Sources */ = {isa = PBXBuildFile; fileRef = 21797E1F1E5357AB00C7C599 /* RingMapStore.cpp */; };
		217EBE3B1EA876D5006C770D /* GraphiteStore.cpp in Sources */ = {isa = PBXBuildFile; fileRef = 217EBE3A1EA876D5006C770D /* GraphiteStore.cpp */; };
		21893D8C1E86AD4C001ED8D5 /* BitUtil.h in Headers */ = {isa = PBXBuildFile; fileRef = 21893D8B1E86AD4C001ED8D5 /* BitUtil.h */; };
		21893D8E1E86ADFF001ED8D5 /* BeringeiTimeSeries.cpp in Sources */ = {isa = PBXBuildFile; fileRef = 21893D8D1E86ADFF001ED8D5 /* BeringeiTimeSeries.cpp */; };
		219F41C41E55980D003EAD97 /* MatrixStore.cpp in Sources */ = {isa = PBXBuildFile; fileRef = 219F41C31E55980D003EAD97 /* MatrixStore.cpp */; };
		219F41C61E55B1E7003EAD97 /* Metric.cpp in Sources */ = {isa = PBXBuildFile; fileRef = 219F41C51E55B1E7003EAD97 /* Metric.cpp */; };
		219F41C81E55B1EF003EAD97 /* Metric.h in Headers */ = {isa = PBXBuildFile; fileRef = 219F41C71E55B1EF003EAD97 /* Metric.h */; };
		21AC32431E6045680011D929 /* StaticArrayTimeSeries.cpp in Sources */ = {isa = PBXBuildFile; fileRef = 21AC32421E6045680011D929 /* StaticArrayTimeSeries.cpp */; };
		21AC32451E60456F0011D929 /* RingArrayTimeSeries.cpp in Sources */ = {isa = PBXBuildFile; fileRef = 21AC32441E60456F0011D929 /* RingArrayTimeSeries.cpp */; };
		21B60DBD1E5D47D3009D663B /* Const.h in Headers */ = {isa = PBXBuildFile; fileRef = 21B60DBC1E5D47D3009D663B /* Const.h */; };
		21B60DC01E5D9866009D663B /* NarrowTableStore.cpp in Sources */ = {isa = PBXBuildFile; fileRef = 21B60DBF1E5D9866009D663B /* NarrowTableStore.cpp */; };
		21C33CAE1E869F660011C873 /* TimeSeriesStream-inl.h in Headers */ = {isa = PBXBuildFile; fileRef = 21C33CAD1E869F660011C873 /* TimeSeriesStream-inl.h */; };
		21C33CB01E8766EB0011C873 /* TimeSeriesMapStore.cpp in Sources */ = {isa = PBXBuildFile; fileRef = 21C33CAF1E8766EB0011C873 /* TimeSeriesMapStore.cpp */; };
		21C33CB21E876FD50011C873 /* TimeSeriesMap.h in Headers */ = {isa = PBXBuildFile; fileRef = 21C33CB11E876FD50011C873 /* TimeSeriesMap.h */; };
		21ED98311E61B3DD00CDEAD5 /* Foreman.h in Headers */ = {isa = PBXBuildFile; fileRef = 21ED98301E61B3DD00CDEAD5 /* Foreman.h */; };
		21F9AA3B1E5311CA00135A90 /* SQLiteStore.cpp in Sources */ = {isa = PBXBuildFile; fileRef = 21F9AA3A1E5311CA00135A90 /* SQLiteStore.cpp */; };
		21F9AA421E532AFA00135A90 /* TSmapStore.cpp in Sources */ = {isa = PBXBuildFile; fileRef = 21F9AA401E532AFA00135A90 /* TSmapStore.cpp */; };
		21FBBC491E5F0AE500582F10 /* MetricMap.cpp in Sources */ = {isa = PBXBuildFile; fileRef = 21FBBC481E5F0AE500582F10 /* MetricMap.cpp */; };
/* End PBXBuildFile section */

/* Begin PBXFileReference section */
		210067F71E570FD800A8DA0A /* TimeSeriesMap.cpp */ = {isa = PBXFileReference; fileEncoding = 4; lastKnownFileType = sourcecode.cpp.cpp; path = TimeSeriesMap.cpp; sourceTree = "<group>"; };
		210067F91E57279400A8DA0A /* ArrayTimeSeries.cpp */ = {isa = PBXFileReference; fileEncoding = 4; lastKnownFileType = sourcecode.cpp.cpp; path = ArrayTimeSeries.cpp; sourceTree = "<group>"; };
		211B343E1E52F1B8008D5228 /* libforeman++.a */ = {isa = PBXFileReference; explicitFileType = archive.ar; includeInIndex = 0; path = "libforeman++.a"; sourceTree = BUILT_PRODUCTS_DIR; };
		2129D19B1E9693E700FCA490 /* Socket.h */ = {isa = PBXFileReference; fileEncoding = 4; lastKnownFileType = sourcecode.c.h; path = Socket.h; sourceTree = "<group>"; };
		2129D1A01E96940500FCA490 /* Socket.cpp */ = {isa = PBXFileReference; fileEncoding = 4; lastKnownFileType = sourcecode.cpp.cpp; path = Socket.cpp; sourceTree = "<group>"; };
		2129D1A21E96A64600FCA490 /* Graphite.h */ = {isa = PBXFileReference; fileEncoding = 4; lastKnownFileType = sourcecode.c.h; path = Graphite.h; sourceTree = "<group>"; };
		2129D1A41E96A64E00FCA490 /* Graphite.cpp */ = {isa = PBXFileReference; fileEncoding = 4; lastKnownFileType = sourcecode.cpp.cpp; path = Graphite.cpp; sourceTree = "<group>"; };
		213E7FDB1E56078F00E41441 /* TimeSeries.h */ = {isa = PBXFileReference; fileEncoding = 4; lastKnownFileType = sourcecode.c.h; path = TimeSeries.h; sourceTree = "<group>"; };
		213E7FDD1E56080900E41441 /* TimeSeries.cpp */ = {isa = PBXFileReference; fileEncoding = 4; lastKnownFileType = sourcecode.cpp.cpp; path = TimeSeries.cpp; sourceTree = "<group>"; };
		217109EC1E867B1D004B2CF6 /* TimeSeriesStream.h */ = {isa = PBXFileReference; fileEncoding = 4; lastKnownFileType = sourcecode.c.h; path = TimeSeriesStream.h; sourceTree = "<group>"; };
		217109EF1E867B2A004B2CF6 /* TimeSeriesStream.cpp */ = {isa = PBXFileReference; fileEncoding = 4; lastKnownFileType = sourcecode.cpp.cpp; path = TimeSeriesStream.cpp; sourceTree = "<group>"; };
		217109F11E867D2A004B2CF6 /* BitUtil.cpp */ = {isa = PBXFileReference; fileEncoding = 4; lastKnownFileType = sourcecode.cpp.cpp; path = BitUtil.cpp; sourceTree = "<group>"; };
		2175C2F41E52F444006C4425 /* MemStore.h */ = {isa = PBXFileReference; fileEncoding = 4; lastKnownFileType = sourcecode.c.h; path = MemStore.h; sourceTree = "<group>"; };
		2175C2F51E52F444006C4425 /* Platform.h */ = {isa = PBXFileReference; fileEncoding = 4; lastKnownFileType = sourcecode.c.h; path = Platform.h; sourceTree = "<group>"; };
		2175C2FE1E52F470006C4425 /* MemStore.cpp */ = {isa = PBXFileReference; fileEncoding = 4; lastKnownFileType = sourcecode.cpp.cpp; path = MemStore.cpp; sourceTree = "<group>"; };
		21797E1F1E5357AB00C7C599 /* RingMapStore.cpp */ = {isa = PBXFileReference; fileEncoding = 4; lastKnownFileType = sourcecode.cpp.cpp; path = RingMapStore.cpp; sourceTree = "<group>"; };
		217EBE3A1EA876D5006C770D /* GraphiteStore.cpp */ = {isa = PBXFileReference; fileEncoding = 4; lastKnownFileType = sourcecode.cpp.cpp; path = GraphiteStore.cpp; sourceTree = "<group>"; };
		21893D8B1E86AD4C001ED8D5 /* BitUtil.h */ = {isa = PBXFileReference; fileEncoding = 4; lastKnownFileType = sourcecode.c.h; path = BitUtil.h; sourceTree = "<group>"; };
		21893D8D1E86ADFF001ED8D5 /* BeringeiTimeSeries.cpp */ = {isa = PBXFileReference; fileEncoding = 4; lastKnownFileType = sourcecode.cpp.cpp; path = BeringeiTimeSeries.cpp; sourceTree = "<group>"; };
		219F41C31E55980D003EAD97 /* MatrixStore.cpp */ = {isa = PBXFileReference; fileEncoding = 4; lastKnownFileType = sourcecode.cpp.cpp; path = MatrixStore.cpp; sourceTree = "<group>"; };
		219F41C51E55B1E7003EAD97 /* Metric.cpp */ = {isa = PBXFileReference; fileEncoding = 4; lastKnownFileType = sourcecode.cpp.cpp; path = Metric.cpp; sourceTree = "<group>"; };
		219F41C71E55B1EF003EAD97 /* Metric.h */ = {isa = PBXFileReference; fileEncoding = 4; lastKnownFileType = sourcecode.c.h; path = Metric.h; sourceTree = "<group>"; };
		21AC32421E6045680011D929 /* StaticArrayTimeSeries.cpp */ = {isa = PBXFileReference; fileEncoding = 4; lastKnownFileType = sourcecode.cpp.cpp; path = StaticArrayTimeSeries.cpp; sourceTree = "<group>"; };
		21AC32441E60456F0011D929 /* RingArrayTimeSeries.cpp */ = {isa = PBXFileReference; fileEncoding = 4; lastKnownFileType = sourcecode.cpp.cpp; path = RingArrayTimeSeries.cpp; sourceTree = "<group>"; };
		21B60DBC1E5D47D3009D663B /* Const.h */ = {isa = PBXFileReference; fileEncoding = 4; lastKnownFileType = sourcecode.c.h; path = Const.h; sourceTree = "<group>"; };
		21B60DBF1E5D9866009D663B /* NarrowTableStore.cpp */ = {isa = PBXFileReference; fileEncoding = 4; lastKnownFileType = sourcecode.cpp.cpp; path = NarrowTableStore.cpp; sourceTree = "<group>"; };
		21C33CAD1E869F660011C873 /* TimeSeriesStream-inl.h */ = {isa = PBXFileReference; fileEncoding = 4; lastKnownFileType = sourcecode.c.h; path = "TimeSeriesStream-inl.h"; sourceTree = "<group>"; };
		21C33CAF1E8766EB0011C873 /* TimeSeriesMapStore.cpp */ = {isa = PBXFileReference; fileEncoding = 4; lastKnownFileType = sourcecode.cpp.cpp; path = TimeSeriesMapStore.cpp; sourceTree = "<group>"; };
		21C33CB11E876FD50011C873 /* TimeSeriesMap.h */ = {isa = PBXFileReference; fileEncoding = 4; lastKnownFileType = sourcecode.c.h; path = TimeSeriesMap.h; sourceTree = "<group>"; };
		21ED98301E61B3DD00CDEAD5 /* Foreman.h */ = {isa = PBXFileReference; fileEncoding = 4; lastKnownFileType = sourcecode.c.h; path = Foreman.h; sourceTree = "<group>"; };
		21F9AA3A1E5311CA00135A90 /* SQLiteStore.cpp */ = {isa = PBXFileReference; fileEncoding = 4; lastKnownFileType = sourcecode.cpp.cpp; path = SQLiteStore.cpp; sourceTree = "<group>"; };
		21F9AA401E532AFA00135A90 /* TSmapStore.cpp */ = {isa = PBXFileReference; fileEncoding = 4; lastKnownFileType = sourcecode.cpp.cpp; path = TSmapStore.cpp; sourceTree = "<group>"; };
		21FBBC481E5F0AE500582F10 /* MetricMap.cpp */ = {isa = PBXFileReference; fileEncoding = 4; lastKnownFileType = sourcecode.cpp.cpp; path = MetricMap.cpp; sourceTree = "<group>"; };
/* End PBXFileReference section */

/* Begin PBXFrameworksBuildPhase section */
		211B343B1E52F1B8008D5228 /* Frameworks */ = {
			isa = PBXFrameworksBuildPhase;
			buildActionMask = 2147483647;
			files = (
			);
			runOnlyForDeploymentPostprocessing = 0;
		};
/* End PBXFrameworksBuildPhase section */

/* Begin PBXGroup section */
		211B34351E52F1B8008D5228 = {
			isa = PBXGroup;
			children = (
				2175C2F21E52F423006C4425 /* Headers */,
				2175C2F81E52F44D006C4425 /* Sources */,
				211B343F1E52F1B8008D5228 /* Products */,
			);
			sourceTree = "<group>";
		};
		211B343F1E52F1B8008D5228 /* Products */ = {
			isa = PBXGroup;
			children = (
				211B343E1E52F1B8008D5228 /* libforeman++.a */,
			);
			name = Products;
			sourceTree = "<group>";
		};
		2129D19A1E9693E700FCA490 /* net */ = {
			isa = PBXGroup;
			children = (
				2129D1A21E96A64600FCA490 /* Graphite.h */,
				2129D19B1E9693E700FCA490 /* Socket.h */,
			);
			path = net;
			sourceTree = "<group>";
		};
		2129D19F1E96940500FCA490 /* net */ = {
			isa = PBXGroup;
			children = (
				2129D1A41E96A64E00FCA490 /* Graphite.cpp */,
				2129D1A01E96940500FCA490 /* Socket.cpp */,
			);
			path = net;
			sourceTree = "<group>";
		};
		217109EB1E867B1D004B2CF6 /* beringei */ = {
			isa = PBXGroup;
			children = (
				21893D8B1E86AD4C001ED8D5 /* BitUtil.h */,
				217109EC1E867B1D004B2CF6 /* TimeSeriesStream.h */,
				21C33CAD1E869F660011C873 /* TimeSeriesStream-inl.h */,
			);
			name = beringei;
			path = ../../../include/beringei;
			sourceTree = "<group>";
		};
		217109EE1E867B2A004B2CF6 /* beringei */ = {
			isa = PBXGroup;
			children = (
				217109F11E867D2A004B2CF6 /* BitUtil.cpp */,
				217109EF1E867B2A004B2CF6 /* TimeSeriesStream.cpp */,
			);
			name = beringei;
			path = ../../../src/beringei;
			sourceTree = "<group>";
		};
		2175C2F21E52F423006C4425 /* Headers */ = {
			isa = PBXGroup;
			children = (
				217109EB1E867B1D004B2CF6 /* beringei */,
				2175C2F31E52F444006C4425 /* foreman */,
			);
			name = Headers;
			sourceTree = "<group>";
		};
		2175C2F31E52F444006C4425 /* foreman */ = {
			isa = PBXGroup;
			children = (
				2129D19A1E9693E700FCA490 /* net */,
				21B60DBC1E5D47D3009D663B /* Const.h */,
				21ED98301E61B3DD00CDEAD5 /* Foreman.h */,
				2175C2F41E52F444006C4425 /* MemStore.h */,
				219F41C71E55B1EF003EAD97 /* Metric.h */,
				2175C2F51E52F444006C4425 /* Platform.h */,
				213E7FDB1E56078F00E41441 /* TimeSeries.h */,
				21C33CB11E876FD50011C873 /* TimeSeriesMap.h */,
			);
			name = foreman;
			path = ../../../include/foreman;
			sourceTree = "<group>";
		};
		2175C2F81E52F44D006C4425 /* Sources */ = {
			isa = PBXGroup;
			children = (
				217109EE1E867B2A004B2CF6 /* beringei */,
				2175C2F91E52F470006C4425 /* foreman */,
			);
			name = Sources;
			sourceTree = "<group>";
		};
		2175C2F91E52F470006C4425 /* foreman */ = {
			isa = PBXGroup;
			children = (
				210067F91E57279400A8DA0A /* ArrayTimeSeries.cpp */,
				21893D8D1E86ADFF001ED8D5 /* BeringeiTimeSeries.cpp */,
				217EBE3A1EA876D5006C770D /* GraphiteStore.cpp */,
				219F41C31E55980D003EAD97 /* MatrixStore.cpp */,
				2175C2FE1E52F470006C4425 /* MemStore.cpp */,
				219F41C51E55B1E7003EAD97 /* Metric.cpp */,
				21FBBC481E5F0AE500582F10 /* MetricMap.cpp */,
				21B60DBF1E5D9866009D663B /* NarrowTableStore.cpp */,
				21AC32441E60456F0011D929 /* RingArrayTimeSeries.cpp */,
				21797E1F1E5357AB00C7C599 /* RingMapStore.cpp */,
				21F9AA3A1E5311CA00135A90 /* SQLiteStore.cpp */,
				21AC32421E6045680011D929 /* StaticArrayTimeSeries.cpp */,
				213E7FDD1E56080900E41441 /* TimeSeries.cpp */,
				210067F71E570FD800A8DA0A /* TimeSeriesMap.cpp */,
				21C33CAF1E8766EB0011C873 /* TimeSeriesMapStore.cpp */,
				21F9AA401E532AFA00135A90 /* TSmapStore.cpp */,
				2129D19F1E96940500FCA490 /* net */,
			);
			name = foreman;
			path = ../../../src/foreman;
			sourceTree = "<group>";
		};
/* End PBXGroup section */

/* Begin PBXHeadersBuildPhase section */
		211B343C1E52F1B8008D5228 /* Headers */ = {
			isa = PBXHeadersBuildPhase;
			buildActionMask = 2147483647;
			files = (
				21B60DBD1E5D47D3009D663B /* Const.h in Headers */,
				21C33CAE1E869F660011C873 /* TimeSeriesStream-inl.h in Headers */,
				217109ED1E867B1D004B2CF6 /* TimeSeriesStream.h in Headers */,
				2129D19C1E9693E700FCA490 /* Socket.h in Headers */,
				2129D1A31E96A64600FCA490 /* Graphite.h in Headers */,
				21C33CB21E876FD50011C873 /* TimeSeriesMap.h in Headers */,
				21ED98311E61B3DD00CDEAD5 /* Foreman.h in Headers */,
				213E7FDC1E56078F00E41441 /* TimeSeries.h in Headers */,
				2175C2F61E52F444006C4425 /* MemStore.h in Headers */,
				219F41C81E55B1EF003EAD97 /* Metric.h in Headers */,
				21893D8C1E86AD4C001ED8D5 /* BitUtil.h in Headers */,
				2175C2F71E52F444006C4425 /* Platform.h in Headers */,
			);
			runOnlyForDeploymentPostprocessing = 0;
		};
/* End PBXHeadersBuildPhase section */

/* Begin PBXNativeTarget section */
		211B343D1E52F1B8008D5228 /* libforeman++ */ = {
			isa = PBXNativeTarget;
			buildConfigurationList = 211B34421E52F1B8008D5228 /* Build configuration list for PBXNativeTarget "libforeman++" */;
			buildPhases = (
				211B343A1E52F1B8008D5228 /* Sources */,
				211B343B1E52F1B8008D5228 /* Frameworks */,
				211B343C1E52F1B8008D5228 /* Headers */,
			);
			buildRules = (
			);
			dependencies = (
			);
			name = "libforeman++";
			productName = "libforeman++";
			productReference = 211B343E1E52F1B8008D5228 /* libforeman++.a */;
			productType = "com.apple.product-type.library.static";
		};
/* End PBXNativeTarget section */

/* Begin PBXProject section */
		211B34361E52F1B8008D5228 /* Project object */ = {
			isa = PBXProject;
			attributes = {
				LastUpgradeCheck = 0820;
				ORGANIZATIONNAME = "Satoshi Konno";
				TargetAttributes = {
					211B343D1E52F1B8008D5228 = {
						CreatedOnToolsVersion = 8.2.1;
						ProvisioningStyle = Automatic;
					};
				};
			};
			buildConfigurationList = 211B34391E52F1B8008D5228 /* Build configuration list for PBXProject "libforeman++" */;
			compatibilityVersion = "Xcode 3.2";
			developmentRegion = English;
			hasScannedForEncodings = 0;
			knownRegions = (
				en,
			);
			mainGroup = 211B34351E52F1B8008D5228;
			productRefGroup = 211B343F1E52F1B8008D5228 /* Products */;
			projectDirPath = "";
			projectRoot = "";
			targets = (
				211B343D1E52F1B8008D5228 /* libforeman++ */,
			);
		};
/* End PBXProject section */

/* Begin PBXSourcesBuildPhase section */
		211B343A1E52F1B8008D5228 /* Sources */ = {
			isa = PBXSourcesBuildPhase;
			buildActionMask = 2147483647;
			files = (
				2129D1A51E96A64E00FCA490 /* Graphite.cpp in Sources */,
				2175C3001E52F470006C4425 /* MemStore.cpp in Sources */,
				21AC32451E60456F0011D929 /* RingArrayTimeSeries.cpp in Sources */,
				217EBE3B1EA876D5006C770D /* GraphiteStore.cpp in Sources */,
				213E7FDE1E56080900E41441 /* TimeSeries.cpp in Sources */,
				21F9AA421E532AFA00135A90 /* TSmapStore.cpp in Sources */,
				21B60DC01E5D9866009D663B /* NarrowTableStore.cpp in Sources */,
				21FBBC491E5F0AE500582F10 /* MetricMap.cpp in Sources */,
				21C33CB01E8766EB0011C873 /* TimeSeriesMapStore.cpp in Sources */,
				219F41C61E55B1E7003EAD97 /* Metric.cpp in Sources */,
				21AC32431E6045680011D929 /* StaticArrayTimeSeries.cpp in Sources */,
				217109F31E867D2A004B2CF6 /* BitUtil.cpp in Sources */,
				210067F81E570FD800A8DA0A /* TimeSeriesMap.cpp in Sources */,
				210067FA1E57279400A8DA0A /* ArrayTimeSeries.cpp in Sources */,
				21893D8E1E86ADFF001ED8D5 /* BeringeiTimeSeries.cpp in Sources */,
				21F9AA3B1E5311CA00135A90 /* SQLiteStore.cpp in Sources */,
				217109F01E867B2A004B2CF6 /* TimeSeriesStream.cpp in Sources */,
				219F41C41E55980D003EAD97 /* MatrixStore.cpp in Sources */,
				2129D1A11E96940500FCA490 /* Socket.cpp in Sources */,
				21797E201E5357AB00C7C599 /* RingMapStore.cpp in Sources */,
			);
			runOnlyForDeploymentPostprocessing = 0;
		};
/* End PBXSourcesBuildPhase section */

/* Begin XCBuildConfiguration section */
		211B34401E52F1B8008D5228 /* Debug */ = {
			isa = XCBuildConfiguration;
			buildSettings = {
				ALWAYS_SEARCH_USER_PATHS = NO;
				CLANG_ANALYZER_NONNULL = YES;
				CLANG_CXX_LANGUAGE_STANDARD = "gnu++0x";
				CLANG_CXX_LIBRARY = "libc++";
				CLANG_ENABLE_MODULES = YES;
				CLANG_ENABLE_OBJC_ARC = YES;
				CLANG_WARN_BOOL_CONVERSION = YES;
				CLANG_WARN_CONSTANT_CONVERSION = YES;
				CLANG_WARN_DIRECT_OBJC_ISA_USAGE = YES_ERROR;
				CLANG_WARN_DOCUMENTATION_COMMENTS = YES;
				CLANG_WARN_EMPTY_BODY = YES;
				CLANG_WARN_ENUM_CONVERSION = YES;
				CLANG_WARN_INFINITE_RECURSION = YES;
				CLANG_WARN_INT_CONVERSION = YES;
				CLANG_WARN_OBJC_ROOT_CLASS = YES_ERROR;
				CLANG_WARN_SUSPICIOUS_MOVE = YES;
				CLANG_WARN_UNREACHABLE_CODE = YES;
				CLANG_WARN__DUPLICATE_METHOD_MATCH = YES;
				CODE_SIGN_IDENTITY = "-";
				COPY_PHASE_STRIP = NO;
				DEBUG_INFORMATION_FORMAT = dwarf;
				ENABLE_STRICT_OBJC_MSGSEND = YES;
				ENABLE_TESTABILITY = YES;
				GCC_C_LANGUAGE_STANDARD = gnu99;
				GCC_DYNAMIC_NO_PIC = NO;
				GCC_NO_COMMON_BLOCKS = YES;
				GCC_OPTIMIZATION_LEVEL = 0;
				GCC_PREPROCESSOR_DEFINITIONS = (
					"DEBUG=1",
					"$(inherited)",
				);
				GCC_WARN_64_TO_32_BIT_CONVERSION = YES;
				GCC_WARN_ABOUT_RETURN_TYPE = YES_ERROR;
				GCC_WARN_UNDECLARED_SELECTOR = YES;
				GCC_WARN_UNINITIALIZED_AUTOS = YES_AGGRESSIVE;
				GCC_WARN_UNUSED_FUNCTION = YES;
				GCC_WARN_UNUSED_VARIABLE = YES;
				HEADER_SEARCH_PATHS = (
					/usr/local/include,
					../../../include,
				);
				MACOSX_DEPLOYMENT_TARGET = 10.12;
				MTL_ENABLE_DEBUG_INFO = YES;
				ONLY_ACTIVE_ARCH = YES;
				SDKROOT = macosx;
			};
			name = Debug;
		};
		211B34411E52F1B8008D5228 /* Release */ = {
			isa = XCBuildConfiguration;
			buildSettings = {
				ALWAYS_SEARCH_USER_PATHS = NO;
				CLANG_ANALYZER_NONNULL = YES;
				CLANG_CXX_LANGUAGE_STANDARD = "gnu++0x";
				CLANG_CXX_LIBRARY = "libc++";
				CLANG_ENABLE_MODULES = YES;
				CLANG_ENABLE_OBJC_ARC = YES;
				CLANG_WARN_BOOL_CONVERSION = YES;
				CLANG_WARN_CONSTANT_CONVERSION = YES;
				CLANG_WARN_DIRECT_OBJC_ISA_USAGE = YES_ERROR;
				CLANG_WARN_DOCUMENTATION_COMMENTS = YES;
				CLANG_WARN_EMPTY_BODY = YES;
				CLANG_WARN_ENUM_CONVERSION = YES;
				CLANG_WARN_INFINITE_RECURSION = YES;
				CLANG_WARN_INT_CONVERSION = YES;
				CLANG_WARN_OBJC_ROOT_CLASS = YES_ERROR;
				CLANG_WARN_SUSPICIOUS_MOVE = YES;
				CLANG_WARN_UNREACHABLE_CODE = YES;
				CLANG_WARN__DUPLICATE_METHOD_MATCH = YES;
				CODE_SIGN_IDENTITY = "-";
				COPY_PHASE_STRIP = NO;
				DEBUG_INFORMATION_FORMAT = "dwarf-with-dsym";
				ENABLE_NS_ASSERTIONS = NO;
				ENABLE_STRICT_OBJC_MSGSEND = YES;
				GCC_C_LANGUAGE_STANDARD = gnu99;
				GCC_NO_COMMON_BLOCKS = YES;
				GCC_WARN_64_TO_32_BIT_CONVERSION = YES;
				GCC_WARN_ABOUT_RETURN_TYPE = YES_ERROR;
				GCC_WARN_UNDECLARED_SELECTOR = YES;
				GCC_WARN_UNINITIALIZED_AUTOS = YES_AGGRESSIVE;
				GCC_WARN_UNUSED_FUNCTION = YES;
				GCC_WARN_UNUSED_VARIABLE = YES;
				HEADER_SEARCH_PATHS = (
					/usr/local/include,
					../../../include,
				);
				MACOSX_DEPLOYMENT_TARGET = 10.12;
				MTL_ENABLE_DEBUG_INFO = NO;
				SDKROOT = macosx;
			};
			name = Release;
		};
		211B34431E52F1B8008D5228 /* Debug */ = {
			isa = XCBuildConfiguration;
			buildSettings = {
				EXECUTABLE_PREFIX = "";
				PRODUCT_NAME = "$(TARGET_NAME)";
			};
			name = Debug;
		};
		211B34441E52F1B8008D5228 /* Release */ = {
			isa = XCBuildConfiguration;
			buildSettings = {
				EXECUTABLE_PREFIX = "";
				PRODUCT_NAME = "$(TARGET_NAME)";
			};
			name = Release;
		};
/* End XCBuildConfiguration section */

/* Begin XCConfigurationList section */
		211B34391E52F1B8008D5228 /* Build configuration list for PBXProject "libforeman++" */ = {
			isa = XCConfigurationList;
			buildConfigurations = (
				211B34401E52F1B8008D5228 /* Debug */,
				211B34411E52F1B8008D5228 /* Release */,
			);
			defaultConfigurationIsVisible = 0;
			defaultConfigurationName = Release;
		};
		211B34421E52F1B8008D5228 /* Build configuration list for PBXNativeTarget "libforeman++" */ = {
			isa = XCConfigurationList;
			buildConfigurations = (
				211B34431E52F1B8008D5228 /* Debug */,
				211B34441E52F1B8008D5228 /* Release */,
			);
			defaultConfigurationIsVisible = 0;
			defaultConfigurationName = Release;
		};
/* End XCConfigurationList section */
	};
	rootObject = 211B34361E52F1B8008D5228 /* Project object */;
}
