// !$*UTF8*$!
{
	archiveVersion = 1;
	classes = {
	};
	objectVersion = 46;
	objects = {

/* Begin PBXBuildFile section */
		2113F168201F985E00F5C672 /* ClangMethodTest.cpp in Sources */ = {isa = PBXBuildFile; fileRef = 2113F165201F985E00F5C672 /* ClangMethodTest.cpp */; };
		2113F169201F985E00F5C672 /* ClangParameterTest.cpp in Sources */ = {isa = PBXBuildFile; fileRef = 2113F166201F985E00F5C672 /* ClangParameterTest.cpp */; };
		2113F16A201F985E00F5C672 /* ClangScriptManagerTest.cpp in Sources */ = {isa = PBXBuildFile; fileRef = 2113F167201F985E00F5C672 /* ClangScriptManagerTest.cpp */; };
		2113F170201F988900F5C672 /* ClangMetricsTest.cpp in Sources */ = {isa = PBXBuildFile; fileRef = 2113F16C201F988900F5C672 /* ClangMetricsTest.cpp */; };
		2113F171201F988900F5C672 /* ClangResultSetTest.cpp in Sources */ = {isa = PBXBuildFile; fileRef = 2113F16D201F988900F5C672 /* ClangResultSetTest.cpp */; };
		2113F172201F988900F5C672 /* ClangQueryTest.cpp in Sources */ = {isa = PBXBuildFile; fileRef = 2113F16E201F988900F5C672 /* ClangQueryTest.cpp */; };
		2113F173201F988900F5C672 /* ClangStoreTest.cpp in Sources */ = {isa = PBXBuildFile; fileRef = 2113F16F201F988900F5C672 /* ClangStoreTest.cpp */; };
		2113F177201F98A000F5C672 /* ClangObjectTest.cpp in Sources */ = {isa = PBXBuildFile; fileRef = 2113F175201F98A000F5C672 /* ClangObjectTest.cpp */; };
		2113F178201F98A000F5C672 /* ClangStoreTest.cpp in Sources */ = {isa = PBXBuildFile; fileRef = 2113F176201F98A000F5C672 /* ClangStoreTest.cpp */; };
		2113F17E201F98BA00F5C672 /* ClangQueryTest.cpp in Sources */ = {isa = PBXBuildFile; fileRef = 2113F17A201F98BA00F5C672 /* ClangQueryTest.cpp */; };
		2113F17F201F98BA00F5C672 /* ClangObjectTest.cpp in Sources */ = {isa = PBXBuildFile; fileRef = 2113F17B201F98BA00F5C672 /* ClangObjectTest.cpp */; };
		2113F180201F98BA00F5C672 /* ClangStoreTest.cpp in Sources */ = {isa = PBXBuildFile; fileRef = 2113F17C201F98BA00F5C672 /* ClangStoreTest.cpp */; };
		2113F181201F98BA00F5C672 /* ClangPropertyTest.cpp in Sources */ = {isa = PBXBuildFile; fileRef = 2113F17D201F98BA00F5C672 /* ClangPropertyTest.cpp */; };
		2113F184201F98D400F5C672 /* ClangErrorTest.cpp in Sources */ = {isa = PBXBuildFile; fileRef = 2113F183201F98D300F5C672 /* ClangErrorTest.cpp */; };
		2117C4EA1FB312DB00F7ACF9 /* UUIDTest.cpp in Sources */ = {isa = PBXBuildFile; fileRef = 2117C4E91FB312DB00F7ACF9 /* UUIDTest.cpp */; };
		215DB2801FAAD7000089A36B /* ErrorTest.cpp in Sources */ = {isa = PBXBuildFile; fileRef = 215DB27F1FAAD7000089A36B /* ErrorTest.cpp */; };
		215DB2B81FAB3B0E0089A36B /* ObjectTest.cpp in Sources */ = {isa = PBXBuildFile; fileRef = 215DB2B41FAB3B0D0089A36B /* ObjectTest.cpp */; };
		215DB2B91FAB3B0E0089A36B /* StoreTest.cpp in Sources */ = {isa = PBXBuildFile; fileRef = 215DB2B51FAB3B0D0089A36B /* StoreTest.cpp */; };
		215DB2BA1FAB3B0E0089A36B /* PropertyTest.cpp in Sources */ = {isa = PBXBuildFile; fileRef = 215DB2B61FAB3B0D0089A36B /* PropertyTest.cpp */; };
		215DB2BB1FAB3B0E0089A36B /* QueryTest.cpp in Sources */ = {isa = PBXBuildFile; fileRef = 215DB2B71FAB3B0E0089A36B /* QueryTest.cpp */; };
		217303AE1FC84160000B0ECE /* PythonEngineTest.cpp in Sources */ = {isa = PBXBuildFile; fileRef = 217303AC1FC84160000B0ECE /* PythonEngineTest.cpp */; };
		217303AF1FC84160000B0ECE /* LuaEngineTest.cpp in Sources */ = {isa = PBXBuildFile; fileRef = 217303AD1FC84160000B0ECE /* LuaEngineTest.cpp */; };
		2175C3131E52F51E006C4425 /* ForemanTest.cpp in Sources */ = {isa = PBXBuildFile; fileRef = 2175C30F1E52F51E006C4425 /* ForemanTest.cpp */; };
		2187B6DA1FC5AD0600E2234D /* ParameterTest.cpp in Sources */ = {isa = PBXBuildFile; fileRef = 2187B6D81FC5AD0600E2234D /* ParameterTest.cpp */; };
		2187B6DB1FC5AD0600E2234D /* MethodTest.cpp in Sources */ = {isa = PBXBuildFile; fileRef = 2187B6D91FC5AD0600E2234D /* MethodTest.cpp */; };
		2187B6E11FC5B33100E2234D /* MutexTest.cpp in Sources */ = {isa = PBXBuildFile; fileRef = 2187B6E01FC5B33100E2234D /* MutexTest.cpp */; };
		21ABA0AE1FB0902D00982715 /* StoreTestController.cpp in Sources */ = {isa = PBXBuildFile; fileRef = 21ABA0AD1FB0902D00982715 /* StoreTestController.cpp */; };
		21BA410C201F7D120083998C /* DataPointTest.cpp in Sources */ = {isa = PBXBuildFile; fileRef = 21BA4106201F7D120083998C /* DataPointTest.cpp */; };
		21BA410D201F7D120083998C /* StoreTestController.cpp in Sources */ = {isa = PBXBuildFile; fileRef = 21BA4107201F7D120083998C /* StoreTestController.cpp */; };
		21BA410E201F7D120083998C /* QueryTest.cpp in Sources */ = {isa = PBXBuildFile; fileRef = 21BA4108201F7D120083998C /* QueryTest.cpp */; };
		21BA410F201F7D120083998C /* TimeSeriesTest.cpp in Sources */ = {isa = PBXBuildFile; fileRef = 21BA4109201F7D120083998C /* TimeSeriesTest.cpp */; };
		21BA4110201F7D120083998C /* MetricsTest.cpp in Sources */ = {isa = PBXBuildFile; fileRef = 21BA410A201F7D120083998C /* MetricsTest.cpp */; };
		21BA4111201F7D120083998C /* StoreTest.cpp in Sources */ = {isa = PBXBuildFile; fileRef = 21BA410B201F7D120083998C /* StoreTest.cpp */; };
		21BA4114201F7D1F0083998C /* StoreTest.cpp in Sources */ = {isa = PBXBuildFile; fileRef = 21BA4112201F7D1F0083998C /* StoreTest.cpp */; };
		21BA4115201F7D1F0083998C /* ObjectTest.cpp in Sources */ = {isa = PBXBuildFile; fileRef = 21BA4113201F7D1F0083998C /* ObjectTest.cpp */; };
		21BA4118201F7DBF0083998C /* StoreTestController.cpp in Sources */ = {isa = PBXBuildFile; fileRef = 21BA4116201F7DBF0083998C /* StoreTestController.cpp */; };
		21C730A11E52F6D6009EA138 /* libforeman++.a in Frameworks */ = {isa = PBXBuildFile; fileRef = 2175C3191E52F53D006C4425 /* libforeman++.a */; };
		21C77005202099F400653C56 /* ManagerTestController.cpp in Sources */ = {isa = PBXBuildFile; fileRef = 21C77004202099F400653C56 /* ManagerTestController.cpp */; };
		21C7700D2022C40600653C56 /* ManagerTest.cpp in Sources */ = {isa = PBXBuildFile; fileRef = 21C7700C2022C40400653C56 /* ManagerTest.cpp */; };
/* End PBXBuildFile section */

/* Begin PBXContainerItemProxy section */
		2175C3181E52F53D006C4425 /* PBXContainerItemProxy */ = {
			isa = PBXContainerItemProxy;
			containerPortal = 2175C3141E52F53D006C4425 /* libforeman++.xcodeproj */;
			proxyType = 2;
			remoteGlobalIDString = 211B343E1E52F1B8008D5228;
			remoteInfo = "libforeman++";
		};
		2175C31E1E52F653006C4425 /* PBXContainerItemProxy */ = {
			isa = PBXContainerItemProxy;
			containerPortal = 2175C3141E52F53D006C4425 /* libforeman++.xcodeproj */;
			proxyType = 1;
			remoteGlobalIDString = 211B343D1E52F1B8008D5228;
			remoteInfo = "libforeman++";
		};
/* End PBXContainerItemProxy section */

/* Begin PBXCopyFilesBuildPhase section */
		218DFCD41E52F28000224C70 /* CopyFiles */ = {
			isa = PBXCopyFilesBuildPhase;
			buildActionMask = 2147483647;
			dstPath = /usr/share/man/man1/;
			dstSubfolderSpec = 0;
			files = (
			);
			runOnlyForDeploymentPostprocessing = 1;
		};
/* End PBXCopyFilesBuildPhase section */

/* Begin PBXFileReference section */
		2113F165201F985E00F5C672 /* ClangMethodTest.cpp */ = {isa = PBXFileReference; fileEncoding = 4; lastKnownFileType = sourcecode.cpp.cpp; name = ClangMethodTest.cpp; path = ../../binding/clang/action/ClangMethodTest.cpp; sourceTree = "<group>"; };
		2113F166201F985E00F5C672 /* ClangParameterTest.cpp */ = {isa = PBXFileReference; fileEncoding = 4; lastKnownFileType = sourcecode.cpp.cpp; name = ClangParameterTest.cpp; path = ../../binding/clang/action/ClangParameterTest.cpp; sourceTree = "<group>"; };
		2113F167201F985E00F5C672 /* ClangScriptManagerTest.cpp */ = {isa = PBXFileReference; fileEncoding = 4; lastKnownFileType = sourcecode.cpp.cpp; name = ClangScriptManagerTest.cpp; path = ../../binding/clang/action/ClangScriptManagerTest.cpp; sourceTree = "<group>"; };
		2113F16C201F988900F5C672 /* ClangMetricsTest.cpp */ = {isa = PBXFileReference; fileEncoding = 4; lastKnownFileType = sourcecode.cpp.cpp; name = ClangMetricsTest.cpp; path = ../../binding/clang/metric/ClangMetricsTest.cpp; sourceTree = "<group>"; };
		2113F16D201F988900F5C672 /* ClangResultSetTest.cpp */ = {isa = PBXFileReference; fileEncoding = 4; lastKnownFileType = sourcecode.cpp.cpp; name = ClangResultSetTest.cpp; path = ../../binding/clang/metric/ClangResultSetTest.cpp; sourceTree = "<group>"; };
		2113F16E201F988900F5C672 /* ClangQueryTest.cpp */ = {isa = PBXFileReference; fileEncoding = 4; lastKnownFileType = sourcecode.cpp.cpp; name = ClangQueryTest.cpp; path = ../../binding/clang/metric/ClangQueryTest.cpp; sourceTree = "<group>"; };
		2113F16F201F988900F5C672 /* ClangStoreTest.cpp */ = {isa = PBXFileReference; fileEncoding = 4; lastKnownFileType = sourcecode.cpp.cpp; name = ClangStoreTest.cpp; path = ../../binding/clang/metric/ClangStoreTest.cpp; sourceTree = "<group>"; };
		2113F175201F98A000F5C672 /* ClangObjectTest.cpp */ = {isa = PBXFileReference; fileEncoding = 4; lastKnownFileType = sourcecode.cpp.cpp; name = ClangObjectTest.cpp; path = ../../binding/clang/register/ClangObjectTest.cpp; sourceTree = "<group>"; };
		2113F176201F98A000F5C672 /* ClangStoreTest.cpp */ = {isa = PBXFileReference; fileEncoding = 4; lastKnownFileType = sourcecode.cpp.cpp; name = ClangStoreTest.cpp; path = ../../binding/clang/register/ClangStoreTest.cpp; sourceTree = "<group>"; };
		2113F17A201F98BA00F5C672 /* ClangQueryTest.cpp */ = {isa = PBXFileReference; fileEncoding = 4; lastKnownFileType = sourcecode.cpp.cpp; name = ClangQueryTest.cpp; path = ../../binding/clang/registry/ClangQueryTest.cpp; sourceTree = "<group>"; };
		2113F17B201F98BA00F5C672 /* ClangObjectTest.cpp */ = {isa = PBXFileReference; fileEncoding = 4; lastKnownFileType = sourcecode.cpp.cpp; name = ClangObjectTest.cpp; path = ../../binding/clang/registry/ClangObjectTest.cpp; sourceTree = "<group>"; };
		2113F17C201F98BA00F5C672 /* ClangStoreTest.cpp */ = {isa = PBXFileReference; fileEncoding = 4; lastKnownFileType = sourcecode.cpp.cpp; name = ClangStoreTest.cpp; path = ../../binding/clang/registry/ClangStoreTest.cpp; sourceTree = "<group>"; };
		2113F17D201F98BA00F5C672 /* ClangPropertyTest.cpp */ = {isa = PBXFileReference; fileEncoding = 4; lastKnownFileType = sourcecode.cpp.cpp; name = ClangPropertyTest.cpp; path = ../../binding/clang/registry/ClangPropertyTest.cpp; sourceTree = "<group>"; };
		2113F183201F98D300F5C672 /* ClangErrorTest.cpp */ = {isa = PBXFileReference; fileEncoding = 4; lastKnownFileType = sourcecode.cpp.cpp; name = ClangErrorTest.cpp; path = ../../binding/clang/common/ClangErrorTest.cpp; sourceTree = "<group>"; };
		2117C4E91FB312DB00F7ACF9 /* UUIDTest.cpp */ = {isa = PBXFileReference; fileEncoding = 4; lastKnownFileType = sourcecode.cpp.cpp; name = UUIDTest.cpp; path = ../../util/UUIDTest.cpp; sourceTree = "<group>"; };
		215DB27F1FAAD7000089A36B /* ErrorTest.cpp */ = {isa = PBXFileReference; fileEncoding = 4; lastKnownFileType = sourcecode.cpp.cpp; name = ErrorTest.cpp; path = ../../common/ErrorTest.cpp; sourceTree = "<group>"; };
		215DB2B41FAB3B0D0089A36B /* ObjectTest.cpp */ = {isa = PBXFileReference; fileEncoding = 4; lastKnownFileType = sourcecode.cpp.cpp; name = ObjectTest.cpp; path = ../../registry/ObjectTest.cpp; sourceTree = "<group>"; };
		215DB2B51FAB3B0D0089A36B /* StoreTest.cpp */ = {isa = PBXFileReference; fileEncoding = 4; lastKnownFileType = sourcecode.cpp.cpp; name = StoreTest.cpp; path = ../../registry/StoreTest.cpp; sourceTree = "<group>"; };
		215DB2B61FAB3B0D0089A36B /* PropertyTest.cpp */ = {isa = PBXFileReference; fileEncoding = 4; lastKnownFileType = sourcecode.cpp.cpp; name = PropertyTest.cpp; path = ../../registry/PropertyTest.cpp; sourceTree = "<group>"; };
		215DB2B71FAB3B0E0089A36B /* QueryTest.cpp */ = {isa = PBXFileReference; fileEncoding = 4; lastKnownFileType = sourcecode.cpp.cpp; name = QueryTest.cpp; path = ../../registry/QueryTest.cpp; sourceTree = "<group>"; };
		217303AC1FC84160000B0ECE /* PythonEngineTest.cpp */ = {isa = PBXFileReference; fileEncoding = 4; lastKnownFileType = sourcecode.cpp.cpp; name = PythonEngineTest.cpp; path = ../../action/PythonEngineTest.cpp; sourceTree = "<group>"; };
		217303AD1FC84160000B0ECE /* LuaEngineTest.cpp */ = {isa = PBXFileReference; fileEncoding = 4; lastKnownFileType = sourcecode.cpp.cpp; name = LuaEngineTest.cpp; path = ../../action/LuaEngineTest.cpp; sourceTree = "<group>"; };
		2175C30E1E52F51E006C4425 /* ForemanTest.h */ = {isa = PBXFileReference; fileEncoding = 4; lastKnownFileType = sourcecode.c.h; name = ForemanTest.h; path = ../../ForemanTest.h; sourceTree = "<group>"; };
		2175C30F1E52F51E006C4425 /* ForemanTest.cpp */ = {isa = PBXFileReference; fileEncoding = 4; lastKnownFileType = sourcecode.cpp.cpp; name = ForemanTest.cpp; path = ../../ForemanTest.cpp; sourceTree = "<group>"; };
		2175C3141E52F53D006C4425 /* libforeman++.xcodeproj */ = {isa = PBXFileReference; lastKnownFileType = "wrapper.pb-project"; name = "libforeman++.xcodeproj"; path = "../../../lib/macosx/xcode/libforeman++.xcodeproj"; sourceTree = "<group>"; };
		2187B6D81FC5AD0600E2234D /* ParameterTest.cpp */ = {isa = PBXFileReference; fileEncoding = 4; lastKnownFileType = sourcecode.cpp.cpp; name = ParameterTest.cpp; path = ../../action/ParameterTest.cpp; sourceTree = "<group>"; };
		2187B6D91FC5AD0600E2234D /* MethodTest.cpp */ = {isa = PBXFileReference; fileEncoding = 4; lastKnownFileType = sourcecode.cpp.cpp; name = MethodTest.cpp; path = ../../action/MethodTest.cpp; sourceTree = "<group>"; };
		2187B6E01FC5B33100E2234D /* MutexTest.cpp */ = {isa = PBXFileReference; fileEncoding = 4; lastKnownFileType = sourcecode.cpp.cpp; name = MutexTest.cpp; path = ../../util/MutexTest.cpp; sourceTree = "<group>"; };
		218DFCD61E52F28000224C70 /* foremantest */ = {isa = PBXFileReference; explicitFileType = "compiled.mach-o.executable"; includeInIndex = 0; path = foremantest; sourceTree = BUILT_PRODUCTS_DIR; };
		21ABA0AC1FB0902D00982715 /* StoreTestController.h */ = {isa = PBXFileReference; fileEncoding = 4; lastKnownFileType = sourcecode.c.h; name = StoreTestController.h; path = ../../registry/StoreTestController.h; sourceTree = "<group>"; };
		21ABA0AD1FB0902D00982715 /* StoreTestController.cpp */ = {isa = PBXFileReference; fileEncoding = 4; lastKnownFileType = sourcecode.cpp.cpp; name = StoreTestController.cpp; path = ../../registry/StoreTestController.cpp; sourceTree = "<group>"; };
		21BA4105201F7D120083998C /* StoreTestController.h */ = {isa = PBXFileReference; fileEncoding = 4; lastKnownFileType = sourcecode.c.h; name = StoreTestController.h; path = ../../metric/StoreTestController.h; sourceTree = "<group>"; };
		21BA4106201F7D120083998C /* DataPointTest.cpp */ = {isa = PBXFileReference; fileEncoding = 4; lastKnownFileType = sourcecode.cpp.cpp; name = DataPointTest.cpp; path = ../../metric/DataPointTest.cpp; sourceTree = "<group>"; };
		21BA4107201F7D120083998C /* StoreTestController.cpp */ = {isa = PBXFileReference; fileEncoding = 4; lastKnownFileType = sourcecode.cpp.cpp; name = StoreTestController.cpp; path = ../../metric/StoreTestController.cpp; sourceTree = "<group>"; };
		21BA4108201F7D120083998C /* QueryTest.cpp */ = {isa = PBXFileReference; fileEncoding = 4; lastKnownFileType = sourcecode.cpp.cpp; name = QueryTest.cpp; path = ../../metric/QueryTest.cpp; sourceTree = "<group>"; };
		21BA4109201F7D120083998C /* TimeSeriesTest.cpp */ = {isa = PBXFileReference; fileEncoding = 4; lastKnownFileType = sourcecode.cpp.cpp; name = TimeSeriesTest.cpp; path = ../../metric/TimeSeriesTest.cpp; sourceTree = "<group>"; };
		21BA410A201F7D120083998C /* MetricsTest.cpp */ = {isa = PBXFileReference; fileEncoding = 4; lastKnownFileType = sourcecode.cpp.cpp; name = MetricsTest.cpp; path = ../../metric/MetricsTest.cpp; sourceTree = "<group>"; };
		21BA410B201F7D120083998C /* StoreTest.cpp */ = {isa = PBXFileReference; fileEncoding = 4; lastKnownFileType = sourcecode.cpp.cpp; name = StoreTest.cpp; path = ../../metric/StoreTest.cpp; sourceTree = "<group>"; };
		21BA4112201F7D1F0083998C /* StoreTest.cpp */ = {isa = PBXFileReference; fileEncoding = 4; lastKnownFileType = sourcecode.cpp.cpp; name = StoreTest.cpp; path = ../../register/StoreTest.cpp; sourceTree = "<group>"; };
		21BA4113201F7D1F0083998C /* ObjectTest.cpp */ = {isa = PBXFileReference; fileEncoding = 4; lastKnownFileType = sourcecode.cpp.cpp; name = ObjectTest.cpp; path = ../../register/ObjectTest.cpp; sourceTree = "<group>"; };
		21BA4116201F7DBF0083998C /* StoreTestController.cpp */ = {isa = PBXFileReference; fileEncoding = 4; lastKnownFileType = sourcecode.cpp.cpp; name = StoreTestController.cpp; path = ../../register/StoreTestController.cpp; sourceTree = "<group>"; };
		21BA4117201F7DBF0083998C /* StoreTestController.h */ = {isa = PBXFileReference; fileEncoding = 4; lastKnownFileType = sourcecode.c.h; name = StoreTestController.h; path = ../../register/StoreTestController.h; sourceTree = "<group>"; };
		21C77003202099F400653C56 /* ManagerTestController.h */ = {isa = PBXFileReference; fileEncoding = 4; lastKnownFileType = sourcecode.c.h; name = ManagerTestController.h; path = ../../action/ManagerTestController.h; sourceTree = "<group>"; };
		21C77004202099F400653C56 /* ManagerTestController.cpp */ = {isa = PBXFileReference; fileEncoding = 4; lastKnownFileType = sourcecode.cpp.cpp; name = ManagerTestController.cpp; path = ../../action/ManagerTestController.cpp; sourceTree = "<group>"; };
		21C7700C2022C40400653C56 /* ManagerTest.cpp */ = {isa = PBXFileReference; fileEncoding = 4; lastKnownFileType = sourcecode.cpp.cpp; name = ManagerTest.cpp; path = ../../action/ManagerTest.cpp; sourceTree = "<group>"; };
/* End PBXFileReference section */

/* Begin PBXFrameworksBuildPhase section */
		218DFCD31E52F28000224C70 /* Frameworks */ = {
			isa = PBXFrameworksBuildPhase;
			buildActionMask = 2147483647;
			files = (
				21C730A11E52F6D6009EA138 /* libforeman++.a in Frameworks */,
			);
			runOnlyForDeploymentPostprocessing = 0;
		};
/* End PBXFrameworksBuildPhase section */

/* Begin PBXGroup section */
		2113F160201F980C00F5C672 /* binding */ = {
			isa = PBXGroup;
			children = (
				2113F163201F983000F5C672 /* clang */,
			);
			name = binding;
			sourceTree = "<group>";
		};
		2113F163201F983000F5C672 /* clang */ = {
			isa = PBXGroup;
			children = (
				2113F182201F98C000F5C672 /* common */,
				2113F179201F98A400F5C672 /* registry */,
				2113F174201F988D00F5C672 /* register */,
				2113F16B201F987300F5C672 /* metric */,
				2113F164201F983700F5C672 /* action */,
			);
			name = clang;
			sourceTree = "<group>";
		};
		2113F164201F983700F5C672 /* action */ = {
			isa = PBXGroup;
			children = (
				2113F165201F985E00F5C672 /* ClangMethodTest.cpp */,
				2113F166201F985E00F5C672 /* ClangParameterTest.cpp */,
				2113F167201F985E00F5C672 /* ClangScriptManagerTest.cpp */,
			);
			name = action;
			sourceTree = "<group>";
		};
		2113F16B201F987300F5C672 /* metric */ = {
			isa = PBXGroup;
			children = (
				2113F16C201F988900F5C672 /* ClangMetricsTest.cpp */,
				2113F16E201F988900F5C672 /* ClangQueryTest.cpp */,
				2113F16D201F988900F5C672 /* ClangResultSetTest.cpp */,
				2113F16F201F988900F5C672 /* ClangStoreTest.cpp */,
			);
			name = metric;
			sourceTree = "<group>";
		};
		2113F174201F988D00F5C672 /* register */ = {
			isa = PBXGroup;
			children = (
				2113F175201F98A000F5C672 /* ClangObjectTest.cpp */,
				2113F176201F98A000F5C672 /* ClangStoreTest.cpp */,
			);
			name = register;
			sourceTree = "<group>";
		};
		2113F179201F98A400F5C672 /* registry */ = {
			isa = PBXGroup;
			children = (
				2113F17B201F98BA00F5C672 /* ClangObjectTest.cpp */,
				2113F17D201F98BA00F5C672 /* ClangPropertyTest.cpp */,
				2113F17A201F98BA00F5C672 /* ClangQueryTest.cpp */,
				2113F17C201F98BA00F5C672 /* ClangStoreTest.cpp */,
			);
			name = registry;
			sourceTree = "<group>";
		};
		2113F182201F98C000F5C672 /* common */ = {
			isa = PBXGroup;
			children = (
				2113F183201F98D300F5C672 /* ClangErrorTest.cpp */,
			);
			name = common;
			sourceTree = "<group>";
		};
		2117C4E81FB312C600F7ACF9 /* util */ = {
			isa = PBXGroup;
			children = (
				2187B6E01FC5B33100E2234D /* MutexTest.cpp */,
				2117C4E91FB312DB00F7ACF9 /* UUIDTest.cpp */,
			);
			name = util;
			sourceTree = "<group>";
		};
		215DB27E1FAAD6E70089A36B /* common */ = {
			isa = PBXGroup;
			children = (
				215DB27F1FAAD7000089A36B /* ErrorTest.cpp */,
			);
			name = common;
			sourceTree = "<group>";
		};
		215DB2B31FAB3AEE0089A36B /* registry */ = {
			isa = PBXGroup;
			children = (
				21BA4106201F7D120083998C /* DataPointTest.cpp */,
				21ABA0AD1FB0902D00982715 /* StoreTestController.cpp */,
				21ABA0AC1FB0902D00982715 /* StoreTestController.h */,
				215DB2B41FAB3B0D0089A36B /* ObjectTest.cpp */,
				215DB2B61FAB3B0D0089A36B /* PropertyTest.cpp */,
				215DB2B71FAB3B0E0089A36B /* QueryTest.cpp */,
				215DB2B51FAB3B0D0089A36B /* StoreTest.cpp */,
			);
			name = registry;
			sourceTree = "<group>";
		};
		2175C3021E52F4ED006C4425 /* Sources */ = {
			isa = PBXGroup;
			children = (
				2113F160201F980C00F5C672 /* binding */,
				21BA4104201F7CF90083998C /* metric */,
				21BA4103201F7CEE0083998C /* register */,
				2187B6D71FC5ACF300E2234D /* action */,
				215DB2B31FAB3AEE0089A36B /* registry */,
				215DB27E1FAAD6E70089A36B /* common */,
				2175C30F1E52F51E006C4425 /* ForemanTest.cpp */,
				2175C30E1E52F51E006C4425 /* ForemanTest.h */,
			);
			name = Sources;
			sourceTree = "<group>";
		};
		2175C3031E52F4FB006C4425 /* Libraries */ = {
			isa = PBXGroup;
			children = (
				2175C3141E52F53D006C4425 /* libforeman++.xcodeproj */,
			);
			name = Libraries;
			sourceTree = "<group>";
		};
		2175C3151E52F53D006C4425 /* Products */ = {
			isa = PBXGroup;
			children = (
				2175C3191E52F53D006C4425 /* libforeman++.a */,
			);
			name = Products;
			sourceTree = "<group>";
		};
		2187B6D71FC5ACF300E2234D /* action */ = {
			isa = PBXGroup;
			children = (
				21C7700C2022C40400653C56 /* ManagerTest.cpp */,
				21C77004202099F400653C56 /* ManagerTestController.cpp */,
				21C77003202099F400653C56 /* ManagerTestController.h */,
				217303AD1FC84160000B0ECE /* LuaEngineTest.cpp */,
				217303AC1FC84160000B0ECE /* PythonEngineTest.cpp */,
				2187B6D81FC5AD0600E2234D /* ParameterTest.cpp */,
				2187B6D91FC5AD0600E2234D /* MethodTest.cpp */,
			);
			name = action;
			sourceTree = "<group>";
		};
		218DFCCD1E52F28000224C70 = {
			isa = PBXGroup;
			children = (
				2175C3021E52F4ED006C4425 /* Sources */,
				2117C4E81FB312C600F7ACF9 /* util */,
				2175C3031E52F4FB006C4425 /* Libraries */,
				218DFCD71E52F28000224C70 /* Products */,
			);
			sourceTree = "<group>";
		};
		218DFCD71E52F28000224C70 /* Products */ = {
			isa = PBXGroup;
			children = (
				218DFCD61E52F28000224C70 /* foremantest */,
			);
			name = Products;
			sourceTree = "<group>";
		};
		21BA4103201F7CEE0083998C /* register */ = {
			isa = PBXGroup;
			children = (
				21BA4116201F7DBF0083998C /* StoreTestController.cpp */,
				21BA4117201F7DBF0083998C /* StoreTestController.h */,
				21BA4113201F7D1F0083998C /* ObjectTest.cpp */,
				21BA4112201F7D1F0083998C /* StoreTest.cpp */,
			);
			name = register;
			sourceTree = "<group>";
		};
		21BA4104201F7CF90083998C /* metric */ = {
			isa = PBXGroup;
			children = (
				21BA410A201F7D120083998C /* MetricsTest.cpp */,
				21BA4108201F7D120083998C /* QueryTest.cpp */,
				21BA410B201F7D120083998C /* StoreTest.cpp */,
				21BA4107201F7D120083998C /* StoreTestController.cpp */,
				21BA4105201F7D120083998C /* StoreTestController.h */,
				21BA4109201F7D120083998C /* TimeSeriesTest.cpp */,
			);
			name = metric;
			sourceTree = "<group>";
		};
/* End PBXGroup section */

/* Begin PBXNativeTarget section */
		218DFCD51E52F28000224C70 /* foremantest */ = {
			isa = PBXNativeTarget;
			buildConfigurationList = 218DFCDD1E52F28000224C70 /* Build configuration list for PBXNativeTarget "foremantest" */;
			buildPhases = (
				218DFCD21E52F28000224C70 /* Sources */,
				218DFCD31E52F28000224C70 /* Frameworks */,
				218DFCD41E52F28000224C70 /* CopyFiles */,
			);
			buildRules = (
			);
			dependencies = (
				2175C31F1E52F653006C4425 /* PBXTargetDependency */,
			);
			name = foremantest;
			productName = foremantest;
			productReference = 218DFCD61E52F28000224C70 /* foremantest */;
			productType = "com.apple.product-type.tool";
		};
/* End PBXNativeTarget section */

/* Begin PBXProject section */
		218DFCCE1E52F28000224C70 /* Project object */ = {
			isa = PBXProject;
			attributes = {
				LastUpgradeCheck = 0900;
				ORGANIZATIONNAME = "Satoshi Konno";
				TargetAttributes = {
					218DFCD51E52F28000224C70 = {
						CreatedOnToolsVersion = 8.2.1;
						ProvisioningStyle = Automatic;
					};
				};
			};
			buildConfigurationList = 218DFCD11E52F28000224C70 /* Build configuration list for PBXProject "foremantest" */;
			compatibilityVersion = "Xcode 3.2";
			developmentRegion = English;
			hasScannedForEncodings = 0;
			knownRegions = (
				en,
			);
			mainGroup = 218DFCCD1E52F28000224C70;
			productRefGroup = 218DFCD71E52F28000224C70 /* Products */;
			projectDirPath = "";
			projectReferences = (
				{
					ProductGroup = 2175C3151E52F53D006C4425 /* Products */;
					ProjectRef = 2175C3141E52F53D006C4425 /* libforeman++.xcodeproj */;
				},
			);
			projectRoot = "";
			targets = (
				218DFCD51E52F28000224C70 /* foremantest */,
			);
		};
/* End PBXProject section */

/* Begin PBXReferenceProxy section */
		2175C3191E52F53D006C4425 /* libforeman++.a */ = {
			isa = PBXReferenceProxy;
			fileType = archive.ar;
			path = "libforeman++.a";
			remoteRef = 2175C3181E52F53D006C4425 /* PBXContainerItemProxy */;
			sourceTree = BUILT_PRODUCTS_DIR;
		};
/* End PBXReferenceProxy section */

/* Begin PBXSourcesBuildPhase section */
		218DFCD21E52F28000224C70 /* Sources */ = {
			isa = PBXSourcesBuildPhase;
			buildActionMask = 2147483647;
			files = (
				2175C3131E52F51E006C4425 /* ForemanTest.cpp in Sources */,
				217303AF1FC84160000B0ECE /* LuaEngineTest.cpp in Sources */,
				215DB2801FAAD7000089A36B /* ErrorTest.cpp in Sources */,
				21ABA0AE1FB0902D00982715 /* StoreTestController.cpp in Sources */,
				2113F180201F98BA00F5C672 /* ClangStoreTest.cpp in Sources */,
				215DB2BA1FAB3B0E0089A36B /* PropertyTest.cpp in Sources */,
				215DB2BB1FAB3B0E0089A36B /* QueryTest.cpp in Sources */,
				21BA410E201F7D120083998C /* QueryTest.cpp in Sources */,
				2113F171201F988900F5C672 /* ClangResultSetTest.cpp in Sources */,
				2113F172201F988900F5C672 /* ClangQueryTest.cpp in Sources */,
				21BA4111201F7D120083998C /* StoreTest.cpp in Sources */,
				215DB2B91FAB3B0E0089A36B /* StoreTest.cpp in Sources */,
				21BA4118201F7DBF0083998C /* StoreTestController.cpp in Sources */,
				2113F168201F985E00F5C672 /* ClangMethodTest.cpp in Sources */,
				2117C4EA1FB312DB00F7ACF9 /* UUIDTest.cpp in Sources */,
				2113F17F201F98BA00F5C672 /* ClangObjectTest.cpp in Sources */,
				21BA4115201F7D1F0083998C /* ObjectTest.cpp in Sources */,
				2113F169201F985E00F5C672 /* ClangParameterTest.cpp in Sources */,
				2187B6DB1FC5AD0600E2234D /* MethodTest.cpp in Sources */,
				2187B6DA1FC5AD0600E2234D /* ParameterTest.cpp in Sources */,
				217303AE1FC84160000B0ECE /* PythonEngineTest.cpp in Sources */,
				21BA410D201F7D120083998C /* StoreTestController.cpp in Sources */,
				2113F178201F98A000F5C672 /* ClangStoreTest.cpp in Sources */,
				2113F170201F988900F5C672 /* ClangMetricsTest.cpp in Sources */,
				2187B6E11FC5B33100E2234D /* MutexTest.cpp in Sources */,
				2113F16A201F985E00F5C672 /* ClangScriptManagerTest.cpp in Sources */,
				2113F177201F98A000F5C672 /* ClangObjectTest.cpp in Sources */,
				2113F181201F98BA00F5C672 /* ClangPropertyTest.cpp in Sources */,
				2113F184201F98D400F5C672 /* ClangErrorTest.cpp in Sources */,
				21C7700D2022C40600653C56 /* ManagerTest.cpp in Sources */,
				215DB2B81FAB3B0E0089A36B /* ObjectTest.cpp in Sources */,
				21BA4114201F7D1F0083998C /* StoreTest.cpp in Sources */,
				21BA4110201F7D120083998C /* MetricsTest.cpp in Sources */,
				21BA410C201F7D120083998C /* DataPointTest.cpp in Sources */,
				2113F17E201F98BA00F5C672 /* ClangQueryTest.cpp in Sources */,
				21BA410F201F7D120083998C /* TimeSeriesTest.cpp in Sources */,
				2113F173201F988900F5C672 /* ClangStoreTest.cpp in Sources */,
				21C77005202099F400653C56 /* ManagerTestController.cpp in Sources */,
			);
			runOnlyForDeploymentPostprocessing = 0;
		};
/* End PBXSourcesBuildPhase section */

/* Begin PBXTargetDependency section */
		2175C31F1E52F653006C4425 /* PBXTargetDependency */ = {
			isa = PBXTargetDependency;
			name = "libforeman++";
			targetProxy = 2175C31E1E52F653006C4425 /* PBXContainerItemProxy */;
		};
/* End PBXTargetDependency section */

/* Begin XCBuildConfiguration section */
		218DFCDB1E52F28000224C70 /* Debug */ = {
			isa = XCBuildConfiguration;
			buildSettings = {
				ALWAYS_SEARCH_USER_PATHS = NO;
				CLANG_ANALYZER_NONNULL = YES;
				CLANG_CXX_LANGUAGE_STANDARD = "c++14";
				CLANG_CXX_LIBRARY = "libc++";
				CLANG_ENABLE_MODULES = YES;
				CLANG_ENABLE_OBJC_ARC = YES;
				CLANG_WARN_BLOCK_CAPTURE_AUTORELEASING = YES;
				CLANG_WARN_BOOL_CONVERSION = YES;
				CLANG_WARN_COMMA = YES;
				CLANG_WARN_CONSTANT_CONVERSION = YES;
				CLANG_WARN_DIRECT_OBJC_ISA_USAGE = YES_ERROR;
				CLANG_WARN_DOCUMENTATION_COMMENTS = YES;
				CLANG_WARN_EMPTY_BODY = YES;
				CLANG_WARN_ENUM_CONVERSION = YES;
				CLANG_WARN_INFINITE_RECURSION = YES;
				CLANG_WARN_INT_CONVERSION = YES;
				CLANG_WARN_NON_LITERAL_NULL_CONVERSION = YES;
				CLANG_WARN_OBJC_LITERAL_CONVERSION = YES;
				CLANG_WARN_OBJC_ROOT_CLASS = YES_ERROR;
				CLANG_WARN_RANGE_LOOP_ANALYSIS = YES;
				CLANG_WARN_STRICT_PROTOTYPES = YES;
				CLANG_WARN_SUSPICIOUS_MOVE = YES;
				CLANG_WARN_UNREACHABLE_CODE = YES;
				CLANG_WARN__DUPLICATE_METHOD_MATCH = YES;
				CODE_SIGN_IDENTITY = "-";
				COPY_PHASE_STRIP = NO;
				DEBUG_INFORMATION_FORMAT = dwarf;
				ENABLE_STRICT_OBJC_MSGSEND = YES;
				ENABLE_TESTABILITY = YES;
				GCC_C_LANGUAGE_STANDARD = gnu99;
				GCC_DYNAMIC_NO_PIC = NO;
				GCC_NO_COMMON_BLOCKS = YES;
				GCC_OPTIMIZATION_LEVEL = 0;
				GCC_PREPROCESSOR_DEFINITIONS = (
					"DEBUG=1",
					"$(inherited)",
				);
				GCC_WARN_64_TO_32_BIT_CONVERSION = YES;
				GCC_WARN_ABOUT_RETURN_TYPE = YES_ERROR;
				GCC_WARN_UNDECLARED_SELECTOR = YES;
				GCC_WARN_UNINITIALIZED_AUTOS = YES_AGGRESSIVE;
				GCC_WARN_UNUSED_FUNCTION = YES;
				GCC_WARN_UNUSED_VARIABLE = YES;
				HEADER_SEARCH_PATHS = (
					../../../include,
					/usr/local/include,
				);
				LIBRARY_SEARCH_PATHS = /usr/local/lib;
				MACOSX_DEPLOYMENT_TARGET = 10.12;
				MTL_ENABLE_DEBUG_INFO = YES;
				ONLY_ACTIVE_ARCH = YES;
				OTHER_LDFLAGS = (
					"-lsqlite3",
					"-lgflags",
					"-ljemalloc",
					"-lpython",
					"-llua",
					"-lboost_unit_test_framework",
					"-lboost_system",
				);
				SDKROOT = macosx;
			};
			name = Debug;
		};
		218DFCDC1E52F28000224C70 /* Release */ = {
			isa = XCBuildConfiguration;
			buildSettings = {
				ALWAYS_SEARCH_USER_PATHS = NO;
				CLANG_ANALYZER_NONNULL = YES;
				CLANG_CXX_LANGUAGE_STANDARD = "c++14";
				CLANG_CXX_LIBRARY = "libc++";
				CLANG_ENABLE_MODULES = YES;
				CLANG_ENABLE_OBJC_ARC = YES;
				CLANG_WARN_BLOCK_CAPTURE_AUTORELEASING = YES;
				CLANG_WARN_BOOL_CONVERSION = YES;
				CLANG_WARN_COMMA = YES;
				CLANG_WARN_CONSTANT_CONVERSION = YES;
				CLANG_WARN_DIRECT_OBJC_ISA_USAGE = YES_ERROR;
				CLANG_WARN_DOCUMENTATION_COMMENTS = YES;
				CLANG_WARN_EMPTY_BODY = YES;
				CLANG_WARN_ENUM_CONVERSION = YES;
				CLANG_WARN_INFINITE_RECURSION = YES;
				CLANG_WARN_INT_CONVERSION = YES;
				CLANG_WARN_NON_LITERAL_NULL_CONVERSION = YES;
				CLANG_WARN_OBJC_LITERAL_CONVERSION = YES;
				CLANG_WARN_OBJC_ROOT_CLASS = YES_ERROR;
				CLANG_WARN_RANGE_LOOP_ANALYSIS = YES;
				CLANG_WARN_STRICT_PROTOTYPES = YES;
				CLANG_WARN_SUSPICIOUS_MOVE = YES;
				CLANG_WARN_UNREACHABLE_CODE = YES;
				CLANG_WARN__DUPLICATE_METHOD_MATCH = YES;
				CODE_SIGN_IDENTITY = "-";
				COPY_PHASE_STRIP = NO;
				DEBUG_INFORMATION_FORMAT = "dwarf-with-dsym";
				ENABLE_NS_ASSERTIONS = NO;
				ENABLE_STRICT_OBJC_MSGSEND = YES;
				GCC_C_LANGUAGE_STANDARD = gnu99;
				GCC_NO_COMMON_BLOCKS = YES;
				GCC_WARN_64_TO_32_BIT_CONVERSION = YES;
				GCC_WARN_ABOUT_RETURN_TYPE = YES_ERROR;
				GCC_WARN_UNDECLARED_SELECTOR = YES;
				GCC_WARN_UNINITIALIZED_AUTOS = YES_AGGRESSIVE;
				GCC_WARN_UNUSED_FUNCTION = YES;
				GCC_WARN_UNUSED_VARIABLE = YES;
				HEADER_SEARCH_PATHS = (
					../../../include,
					/usr/local/include,
				);
				LIBRARY_SEARCH_PATHS = /usr/local/lib;
				MACOSX_DEPLOYMENT_TARGET = 10.12;
				MTL_ENABLE_DEBUG_INFO = NO;
				OTHER_LDFLAGS = (
					"-lsqlite3",
					"-lgflags",
					"-ljemalloc",
					"-lpython",
					"-llua",
					"-lboost_unit_test_framework",
					"-lboost_system",
				);
				SDKROOT = macosx;
			};
			name = Release;
		};
		218DFCDE1E52F28000224C70 /* Debug */ = {
			isa = XCBuildConfiguration;
			buildSettings = {
				PRODUCT_NAME = "$(TARGET_NAME)";
			};
			name = Debug;
		};
		218DFCDF1E52F28000224C70 /* Release */ = {
			isa = XCBuildConfiguration;
			buildSettings = {
				PRODUCT_NAME = "$(TARGET_NAME)";
			};
			name = Release;
		};
/* End XCBuildConfiguration section */

/* Begin XCConfigurationList section */
		218DFCD11E52F28000224C70 /* Build configuration list for PBXProject "foremantest" */ = {
			isa = XCConfigurationList;
			buildConfigurations = (
				218DFCDB1E52F28000224C70 /* Debug */,
				218DFCDC1E52F28000224C70 /* Release */,
			);
			defaultConfigurationIsVisible = 0;
			defaultConfigurationName = Release;
		};
		218DFCDD1E52F28000224C70 /* Build configuration list for PBXNativeTarget "foremantest" */ = {
			isa = XCConfigurationList;
			buildConfigurations = (
				218DFCDE1E52F28000224C70 /* Debug */,
				218DFCDF1E52F28000224C70 /* Release */,
			);
			defaultConfigurationIsVisible = 0;
			defaultConfigurationName = Release;
		};
/* End XCConfigurationList section */
	};
	rootObject = 218DFCCE1E52F28000224C70 /* Project object */;
}
